// !$*UTF8*$!
{
	archiveVersion = 1;
	classes = {
	};
	objectVersion = 53;
	objects = {

/* Begin PBXBuildFile section */
		A2ACB8972872DCD7004C2E7F /* JWTClaimsSetVerifier.h in Headers */ = {isa = PBXBuildFile; fileRef = A2ACB84A2872DCD7004C2E7F /* JWTClaimsSetVerifier.h */; settings = {ATTRIBUTES = (Public, ); }; };
		A2ACB8982872DCD7004C2E7F /* JWTClaimsSetSerializer.h in Headers */ = {isa = PBXBuildFile; fileRef = A2ACB84B2872DCD7004C2E7F /* JWTClaimsSetSerializer.h */; settings = {ATTRIBUTES = (Public, ); }; };
		A2ACB8992872DCD7004C2E7F /* JWTClaimsSet.m in Sources */ = {isa = PBXBuildFile; fileRef = A2ACB84C2872DCD7004C2E7F /* JWTClaimsSet.m */; };
		A2ACB89A2872DCD7004C2E7F /* JWTClaim.m in Sources */ = {isa = PBXBuildFile; fileRef = A2ACB84D2872DCD7004C2E7F /* JWTClaim.m */; };
		A2ACB89B2872DCD7004C2E7F /* JWTClaimsSetVerifier.m in Sources */ = {isa = PBXBuildFile; fileRef = A2ACB84E2872DCD7004C2E7F /* JWTClaimsSetVerifier.m */; };
		A2ACB89C2872DCD7004C2E7F /* JWTClaim.h in Headers */ = {isa = PBXBuildFile; fileRef = A2ACB84F2872DCD7004C2E7F /* JWTClaim.h */; settings = {ATTRIBUTES = (Public, ); }; };
		A2ACB89D2872DCD7004C2E7F /* JWTClaimsSet.h in Headers */ = {isa = PBXBuildFile; fileRef = A2ACB8502872DCD7004C2E7F /* JWTClaimsSet.h */; settings = {ATTRIBUTES = (Public, ); }; };
		A2ACB89E2872DCD7004C2E7F /* JWTClaimsSetSerializer.m in Sources */ = {isa = PBXBuildFile; fileRef = A2ACB8512872DCD7004C2E7F /* JWTClaimsSetSerializer.m */; };
		A2ACB89F2872DCD7004C2E7F /* JWT.h in Headers */ = {isa = PBXBuildFile; fileRef = A2ACB8542872DCD7004C2E7F /* JWT.h */; settings = {ATTRIBUTES = (Public, ); }; };
		A2ACB8A02872DCD7004C2E7F /* JWTAlgorithmDataHolderChain.h in Headers */ = {isa = PBXBuildFile; fileRef = A2ACB8572872DCD7004C2E7F /* JWTAlgorithmDataHolderChain.h */; settings = {ATTRIBUTES = (Public, ); }; };
		A2ACB8A12872DCD7004C2E7F /* JWTAlgorithmDataHolder+FluentStyle.m in Sources */ = {isa = PBXBuildFile; fileRef = A2ACB8582872DCD7004C2E7F /* JWTAlgorithmDataHolder+FluentStyle.m */; };
		A2ACB8A22872DCD7004C2E7F /* JWTAlgorithmDataHolder.h in Headers */ = {isa = PBXBuildFile; fileRef = A2ACB8592872DCD7004C2E7F /* JWTAlgorithmDataHolder.h */; settings = {ATTRIBUTES = (Public, ); }; };
		A2ACB8A32872DCD7004C2E7F /* JWTAlgorithmDataHolderChain.m in Sources */ = {isa = PBXBuildFile; fileRef = A2ACB85A2872DCD7004C2E7F /* JWTAlgorithmDataHolderChain.m */; };
		A2ACB8A42872DCD7004C2E7F /* JWTAlgorithmDataHolder+FluentStyle.h in Headers */ = {isa = PBXBuildFile; fileRef = A2ACB85B2872DCD7004C2E7F /* JWTAlgorithmDataHolder+FluentStyle.h */; settings = {ATTRIBUTES = (Public, ); }; };
		A2ACB8A52872DCD7004C2E7F /* JWTAlgorithmDataHolder.m in Sources */ = {isa = PBXBuildFile; fileRef = A2ACB85C2872DCD7004C2E7F /* JWTAlgorithmDataHolder.m */; };
		A2ACB8A62872DCD7004C2E7F /* JWTAlgorithmHSBase.h in Headers */ = {isa = PBXBuildFile; fileRef = A2ACB85E2872DCD7004C2E7F /* JWTAlgorithmHSBase.h */; settings = {ATTRIBUTES = (Public, ); }; };
		A2ACB8A72872DCD7004C2E7F /* JWTAlgorithmHSBase.m in Sources */ = {isa = PBXBuildFile; fileRef = A2ACB85F2872DCD7004C2E7F /* JWTAlgorithmHSBase.m */; };
		A2ACB8A82872DCD7004C2E7F /* JWTAlgorithmRSBase.h in Headers */ = {isa = PBXBuildFile; fileRef = A2ACB8612872DCD7004C2E7F /* JWTAlgorithmRSBase.h */; settings = {ATTRIBUTES = (Public, ); }; };
		A2ACB8A92872DCD7004C2E7F /* JWTRSAlgorithm.h in Headers */ = {isa = PBXBuildFile; fileRef = A2ACB8622872DCD7004C2E7F /* JWTRSAlgorithm.h */; settings = {ATTRIBUTES = (Public, ); }; };
		A2ACB8AA2872DCD7004C2E7F /* JWTAlgorithmRSBase.m in Sources */ = {isa = PBXBuildFile; fileRef = A2ACB8632872DCD7004C2E7F /* JWTAlgorithmRSBase.m */; };
		A2ACB8AB2872DCD7004C2E7F /* JWTCryptoSecurity+Extraction.h in Headers */ = {isa = PBXBuildFile; fileRef = A2ACB8652872DCD7004C2E7F /* JWTCryptoSecurity+Extraction.h */; settings = {ATTRIBUTES = (Public, ); }; };
		A2ACB8AC2872DCD7004C2E7F /* JWTCryptoKeyExtractor+FluentStyle.h in Headers */ = {isa = PBXBuildFile; fileRef = A2ACB8662872DCD7004C2E7F /* JWTCryptoKeyExtractor+FluentStyle.h */; settings = {ATTRIBUTES = (Public, ); }; };
		A2ACB8AD2872DCD7004C2E7F /* JWTCryptoSecurity+ErrorHandling.h in Headers */ = {isa = PBXBuildFile; fileRef = A2ACB8672872DCD7004C2E7F /* JWTCryptoSecurity+ErrorHandling.h */; settings = {ATTRIBUTES = (Public, ); }; };
		A2ACB8AE2872DCD7004C2E7F /* JWTCryptoSecurity+ExternalRepresentation.m in Sources */ = {isa = PBXBuildFile; fileRef = A2ACB8682872DCD7004C2E7F /* JWTCryptoSecurity+ExternalRepresentation.m */; };
		A2ACB8AF2872DCD7004C2E7F /* JWTCryptoKey.m in Sources */ = {isa = PBXBuildFile; fileRef = A2ACB8692872DCD7004C2E7F /* JWTCryptoKey.m */; };
		A2ACB8B02872DCD7004C2E7F /* JWTCryptoSecurity.h in Headers */ = {isa = PBXBuildFile; fileRef = A2ACB86A2872DCD7004C2E7F /* JWTCryptoSecurity.h */; settings = {ATTRIBUTES = (Public, ); }; };
		A2ACB8B12872DCD7004C2E7F /* JWTCryptoKeyExtractor.m in Sources */ = {isa = PBXBuildFile; fileRef = A2ACB86B2872DCD7004C2E7F /* JWTCryptoKeyExtractor.m */; };
		A2ACB8B22872DCD7004C2E7F /* JWTCryptoSecurity+Extraction.m in Sources */ = {isa = PBXBuildFile; fileRef = A2ACB86C2872DCD7004C2E7F /* JWTCryptoSecurity+Extraction.m */; };
		A2ACB8B32872DCD7004C2E7F /* JWTCryptoSecurity+ErrorHandling.m in Sources */ = {isa = PBXBuildFile; fileRef = A2ACB86D2872DCD7004C2E7F /* JWTCryptoSecurity+ErrorHandling.m */; };
		A2ACB8B42872DCD7004C2E7F /* JWTCryptoKeyExtractor+FluentStyle.m in Sources */ = {isa = PBXBuildFile; fileRef = A2ACB86E2872DCD7004C2E7F /* JWTCryptoKeyExtractor+FluentStyle.m */; };
		A2ACB8B52872DCD7004C2E7F /* JWTCryptoSecurity.m in Sources */ = {isa = PBXBuildFile; fileRef = A2ACB86F2872DCD7004C2E7F /* JWTCryptoSecurity.m */; };
		A2ACB8B62872DCD7004C2E7F /* JWTCryptoKey.h in Headers */ = {isa = PBXBuildFile; fileRef = A2ACB8702872DCD7004C2E7F /* JWTCryptoKey.h */; settings = {ATTRIBUTES = (Public, ); }; };
		A2ACB8B72872DCD7004C2E7F /* JWTCryptoSecurity+ExternalRepresentation.h in Headers */ = {isa = PBXBuildFile; fileRef = A2ACB8712872DCD7004C2E7F /* JWTCryptoSecurity+ExternalRepresentation.h */; settings = {ATTRIBUTES = (Public, ); }; };
		A2ACB8B82872DCD7004C2E7F /* JWTCryptoKeyExtractor.h in Headers */ = {isa = PBXBuildFile; fileRef = A2ACB8722872DCD7004C2E7F /* JWTCryptoKeyExtractor.h */; settings = {ATTRIBUTES = (Public, ); }; };
		A2ACB8B92872DCD7004C2E7F /* JWTAlgorithmESBase.m in Sources */ = {isa = PBXBuildFile; fileRef = A2ACB8742872DCD7004C2E7F /* JWTAlgorithmESBase.m */; };
		A2ACB8BA2872DCD7004C2E7F /* JWTAlgorithmAsymmetricBase.h in Headers */ = {isa = PBXBuildFile; fileRef = A2ACB8752872DCD7004C2E7F /* JWTAlgorithmAsymmetricBase.h */; settings = {ATTRIBUTES = (Public, ); }; };
		A2ACB8BB2872DCD7004C2E7F /* JWTAlgorithmESBase.h in Headers */ = {isa = PBXBuildFile; fileRef = A2ACB8762872DCD7004C2E7F /* JWTAlgorithmESBase.h */; settings = {ATTRIBUTES = (Public, ); }; };
		A2ACB8BC2872DCD7004C2E7F /* JWTAlgorithmAsymmetricBase.m in Sources */ = {isa = PBXBuildFile; fileRef = A2ACB8772872DCD7004C2E7F /* JWTAlgorithmAsymmetricBase.m */; };
		A2ACB8BD2872DCD7004C2E7F /* JWTAlgorithmNone.m in Sources */ = {isa = PBXBuildFile; fileRef = A2ACB8792872DCD7004C2E7F /* JWTAlgorithmNone.m */; };
		A2ACB8BE2872DCD7004C2E7F /* JWTAlgorithmErrorDescription.h in Headers */ = {isa = PBXBuildFile; fileRef = A2ACB87A2872DCD7004C2E7F /* JWTAlgorithmErrorDescription.h */; settings = {ATTRIBUTES = (Public, ); }; };
		A2ACB8BF2872DCD7004C2E7F /* JWTAlgorithmErrorDescription+Subclass.h in Headers */ = {isa = PBXBuildFile; fileRef = A2ACB87B2872DCD7004C2E7F /* JWTAlgorithmErrorDescription+Subclass.h */; };
		A2ACB8C02872DCD7004C2E7F /* JWTAlgorithmFactory.m in Sources */ = {isa = PBXBuildFile; fileRef = A2ACB87C2872DCD7004C2E7F /* JWTAlgorithmFactory.m */; };
		A2ACB8C12872DCD7004C2E7F /* JWTAlgorithm.h in Headers */ = {isa = PBXBuildFile; fileRef = A2ACB87D2872DCD7004C2E7F /* JWTAlgorithm.h */; settings = {ATTRIBUTES = (Public, ); }; };
		A2ACB8C22872DCD7004C2E7F /* JWTAlgorithmNone.h in Headers */ = {isa = PBXBuildFile; fileRef = A2ACB87E2872DCD7004C2E7F /* JWTAlgorithmNone.h */; settings = {ATTRIBUTES = (Public, ); }; };
		A2ACB8C32872DCD7004C2E7F /* JWTAlgorithmErrorDescription.m in Sources */ = {isa = PBXBuildFile; fileRef = A2ACB87F2872DCD7004C2E7F /* JWTAlgorithmErrorDescription.m */; };
		A2ACB8C42872DCD7004C2E7F /* JWTAlgorithmErrorDescription+Subclass.m in Sources */ = {isa = PBXBuildFile; fileRef = A2ACB8802872DCD7004C2E7F /* JWTAlgorithmErrorDescription+Subclass.m */; };
		A2ACB8C52872DCD7004C2E7F /* JWTAlgorithmFactory.h in Headers */ = {isa = PBXBuildFile; fileRef = A2ACB8812872DCD7004C2E7F /* JWTAlgorithmFactory.h */; settings = {ATTRIBUTES = (Public, ); }; };
		A2ACB8C62872DCD7004C2E7F /* JWTDeprecations.h in Headers */ = {isa = PBXBuildFile; fileRef = A2ACB8832872DCD7004C2E7F /* JWTDeprecations.h */; settings = {ATTRIBUTES = (Public, ); }; };
		A2ACB8C72872DCD7004C2E7F /* JWTErrorDescription.h in Headers */ = {isa = PBXBuildFile; fileRef = A2ACB8842872DCD7004C2E7F /* JWTErrorDescription.h */; settings = {ATTRIBUTES = (Public, ); }; };
		A2ACB8C82872DCD7004C2E7F /* JWTBase64Coder.m in Sources */ = {isa = PBXBuildFile; fileRef = A2ACB8852872DCD7004C2E7F /* JWTBase64Coder.m */; };
		A2ACB8C92872DCD7004C2E7F /* JWTErrorDescription.m in Sources */ = {isa = PBXBuildFile; fileRef = A2ACB8862872DCD7004C2E7F /* JWTErrorDescription.m */; };
		A2ACB8CA2872DCD7004C2E7F /* JWTBase64Coder.h in Headers */ = {isa = PBXBuildFile; fileRef = A2ACB8872872DCD7004C2E7F /* JWTBase64Coder.h */; settings = {ATTRIBUTES = (Public, ); }; };
		A2ACB8CB2872DCD7004C2E7F /* JWTCodingBuilder+FluentStyle.m in Sources */ = {isa = PBXBuildFile; fileRef = A2ACB8892872DCD7004C2E7F /* JWTCodingBuilder+FluentStyle.m */; };
		A2ACB8CC2872DCD7004C2E7F /* JWTCoding+VersionTwo.h in Headers */ = {isa = PBXBuildFile; fileRef = A2ACB88A2872DCD7004C2E7F /* JWTCoding+VersionTwo.h */; settings = {ATTRIBUTES = (Public, ); }; };
		A2ACB8CD2872DCD7004C2E7F /* JWTCoding+VersionThree.h in Headers */ = {isa = PBXBuildFile; fileRef = A2ACB88B2872DCD7004C2E7F /* JWTCoding+VersionThree.h */; settings = {ATTRIBUTES = (Public, ); }; };
		A2ACB8CE2872DCD7004C2E7F /* JWTCoding+VersionOne.m in Sources */ = {isa = PBXBuildFile; fileRef = A2ACB88C2872DCD7004C2E7F /* JWTCoding+VersionOne.m */; };
		A2ACB8CF2872DCD7004C2E7F /* JWTCoding+ResultTypes.h in Headers */ = {isa = PBXBuildFile; fileRef = A2ACB88D2872DCD7004C2E7F /* JWTCoding+ResultTypes.h */; settings = {ATTRIBUTES = (Public, ); }; };
		A2ACB8D02872DCD7004C2E7F /* JWTCoding.h in Headers */ = {isa = PBXBuildFile; fileRef = A2ACB88E2872DCD7004C2E7F /* JWTCoding.h */; settings = {ATTRIBUTES = (Public, ); }; };
		A2ACB8D12872DCD7004C2E7F /* JWTBuilder+FluentStyle.h in Headers */ = {isa = PBXBuildFile; fileRef = A2ACB88F2872DCD7004C2E7F /* JWTBuilder+FluentStyle.h */; settings = {ATTRIBUTES = (Public, ); }; };
		A2ACB8D22872DCD7004C2E7F /* JWTCoding+VersionTwo.m in Sources */ = {isa = PBXBuildFile; fileRef = A2ACB8902872DCD7004C2E7F /* JWTCoding+VersionTwo.m */; };
		A2ACB8D32872DCD7004C2E7F /* JWTCodingBuilder+FluentStyle.h in Headers */ = {isa = PBXBuildFile; fileRef = A2ACB8912872DCD7004C2E7F /* JWTCodingBuilder+FluentStyle.h */; settings = {ATTRIBUTES = (Public, ); }; };
		A2ACB8D42872DCD7004C2E7F /* JWTCoding+VersionThree.m in Sources */ = {isa = PBXBuildFile; fileRef = A2ACB8922872DCD7004C2E7F /* JWTCoding+VersionThree.m */; };
		A2ACB8D52872DCD7004C2E7F /* JWTCoding.m in Sources */ = {isa = PBXBuildFile; fileRef = A2ACB8932872DCD7004C2E7F /* JWTCoding.m */; };
		A2ACB8D62872DCD7004C2E7F /* JWTCoding+ResultTypes.m in Sources */ = {isa = PBXBuildFile; fileRef = A2ACB8942872DCD7004C2E7F /* JWTCoding+ResultTypes.m */; };
		A2ACB8D72872DCD7004C2E7F /* JWTCoding+VersionOne.h in Headers */ = {isa = PBXBuildFile; fileRef = A2ACB8952872DCD7004C2E7F /* JWTCoding+VersionOne.h */; settings = {ATTRIBUTES = (Public, ); }; };
		A2ACB8D82872DCD7004C2E7F /* JWTBuilder+FluentStyle.m in Sources */ = {isa = PBXBuildFile; fileRef = A2ACB8962872DCD7004C2E7F /* JWTBuilder+FluentStyle.m */; };
		A2ACB8E22872DD26004C2E7F /* MF_Base64Additions.h in Headers */ = {isa = PBXBuildFile; fileRef = A2ACB8E02872DD26004C2E7F /* MF_Base64Additions.h */; };
		A2ACB8E32872DD26004C2E7F /* MF_Base64Additions.m in Sources */ = {isa = PBXBuildFile; fileRef = A2ACB8E12872DD26004C2E7F /* MF_Base64Additions.m */; };
/* End PBXBuildFile section */

/* Begin PBXFileReference section */
		A2ACB83E2872DC96004C2E7F /* JWT.framework */ = {isa = PBXFileReference; explicitFileType = wrapper.framework; includeInIndex = 0; path = JWT.framework; sourceTree = BUILT_PRODUCTS_DIR; };
		A2ACB84A2872DCD7004C2E7F /* JWTClaimsSetVerifier.h */ = {isa = PBXFileReference; fileEncoding = 4; lastKnownFileType = sourcecode.c.h; path = JWTClaimsSetVerifier.h; sourceTree = "<group>"; };
		A2ACB84B2872DCD7004C2E7F /* JWTClaimsSetSerializer.h */ = {isa = PBXFileReference; fileEncoding = 4; lastKnownFileType = sourcecode.c.h; path = JWTClaimsSetSerializer.h; sourceTree = "<group>"; };
		A2ACB84C2872DCD7004C2E7F /* JWTClaimsSet.m */ = {isa = PBXFileReference; fileEncoding = 4; lastKnownFileType = sourcecode.c.objc; path = JWTClaimsSet.m; sourceTree = "<group>"; };
		A2ACB84D2872DCD7004C2E7F /* JWTClaim.m */ = {isa = PBXFileReference; fileEncoding = 4; lastKnownFileType = sourcecode.c.objc; path = JWTClaim.m; sourceTree = "<group>"; };
		A2ACB84E2872DCD7004C2E7F /* JWTClaimsSetVerifier.m */ = {isa = PBXFileReference; fileEncoding = 4; lastKnownFileType = sourcecode.c.objc; path = JWTClaimsSetVerifier.m; sourceTree = "<group>"; };
		A2ACB84F2872DCD7004C2E7F /* JWTClaim.h */ = {isa = PBXFileReference; fileEncoding = 4; lastKnownFileType = sourcecode.c.h; path = JWTClaim.h; sourceTree = "<group>"; };
		A2ACB8502872DCD7004C2E7F /* JWTClaimsSet.h */ = {isa = PBXFileReference; fileEncoding = 4; lastKnownFileType = sourcecode.c.h; path = JWTClaimsSet.h; sourceTree = "<group>"; };
		A2ACB8512872DCD7004C2E7F /* JWTClaimsSetSerializer.m */ = {isa = PBXFileReference; fileEncoding = 4; lastKnownFileType = sourcecode.c.objc; path = JWTClaimsSetSerializer.m; sourceTree = "<group>"; };
		A2ACB8532872DCD7004C2E7F /* Map.modulemap */ = {isa = PBXFileReference; fileEncoding = 4; lastKnownFileType = "sourcecode.module-map"; path = Map.modulemap; sourceTree = "<group>"; };
		A2ACB8542872DCD7004C2E7F /* JWT.h */ = {isa = PBXFileReference; fileEncoding = 4; lastKnownFileType = sourcecode.c.h; path = JWT.h; sourceTree = "<group>"; };
		A2ACB8572872DCD7004C2E7F /* JWTAlgorithmDataHolderChain.h */ = {isa = PBXFileReference; fileEncoding = 4; lastKnownFileType = sourcecode.c.h; path = JWTAlgorithmDataHolderChain.h; sourceTree = "<group>"; };
		A2ACB8582872DCD7004C2E7F /* JWTAlgorithmDataHolder+FluentStyle.m */ = {isa = PBXFileReference; fileEncoding = 4; lastKnownFileType = sourcecode.c.objc; path = "JWTAlgorithmDataHolder+FluentStyle.m"; sourceTree = "<group>"; };
		A2ACB8592872DCD7004C2E7F /* JWTAlgorithmDataHolder.h */ = {isa = PBXFileReference; fileEncoding = 4; lastKnownFileType = sourcecode.c.h; path = JWTAlgorithmDataHolder.h; sourceTree = "<group>"; };
		A2ACB85A2872DCD7004C2E7F /* JWTAlgorithmDataHolderChain.m */ = {isa = PBXFileReference; fileEncoding = 4; lastKnownFileType = sourcecode.c.objc; path = JWTAlgorithmDataHolderChain.m; sourceTree = "<group>"; };
		A2ACB85B2872DCD7004C2E7F /* JWTAlgorithmDataHolder+FluentStyle.h */ = {isa = PBXFileReference; fileEncoding = 4; lastKnownFileType = sourcecode.c.h; path = "JWTAlgorithmDataHolder+FluentStyle.h"; sourceTree = "<group>"; };
		A2ACB85C2872DCD7004C2E7F /* JWTAlgorithmDataHolder.m */ = {isa = PBXFileReference; fileEncoding = 4; lastKnownFileType = sourcecode.c.objc; path = JWTAlgorithmDataHolder.m; sourceTree = "<group>"; };
		A2ACB85E2872DCD7004C2E7F /* JWTAlgorithmHSBase.h */ = {isa = PBXFileReference; fileEncoding = 4; lastKnownFileType = sourcecode.c.h; path = JWTAlgorithmHSBase.h; sourceTree = "<group>"; };
		A2ACB85F2872DCD7004C2E7F /* JWTAlgorithmHSBase.m */ = {isa = PBXFileReference; fileEncoding = 4; lastKnownFileType = sourcecode.c.objc; path = JWTAlgorithmHSBase.m; sourceTree = "<group>"; };
		A2ACB8612872DCD7004C2E7F /* JWTAlgorithmRSBase.h */ = {isa = PBXFileReference; fileEncoding = 4; lastKnownFileType = sourcecode.c.h; path = JWTAlgorithmRSBase.h; sourceTree = "<group>"; };
		A2ACB8622872DCD7004C2E7F /* JWTRSAlgorithm.h */ = {isa = PBXFileReference; fileEncoding = 4; lastKnownFileType = sourcecode.c.h; path = JWTRSAlgorithm.h; sourceTree = "<group>"; };
		A2ACB8632872DCD7004C2E7F /* JWTAlgorithmRSBase.m */ = {isa = PBXFileReference; fileEncoding = 4; lastKnownFileType = sourcecode.c.objc; path = JWTAlgorithmRSBase.m; sourceTree = "<group>"; };
		A2ACB8652872DCD7004C2E7F /* JWTCryptoSecurity+Extraction.h */ = {isa = PBXFileReference; fileEncoding = 4; lastKnownFileType = sourcecode.c.h; path = "JWTCryptoSecurity+Extraction.h"; sourceTree = "<group>"; };
		A2ACB8662872DCD7004C2E7F /* JWTCryptoKeyExtractor+FluentStyle.h */ = {isa = PBXFileReference; fileEncoding = 4; lastKnownFileType = sourcecode.c.h; path = "JWTCryptoKeyExtractor+FluentStyle.h"; sourceTree = "<group>"; };
		A2ACB8672872DCD7004C2E7F /* JWTCryptoSecurity+ErrorHandling.h */ = {isa = PBXFileReference; fileEncoding = 4; lastKnownFileType = sourcecode.c.h; path = "JWTCryptoSecurity+ErrorHandling.h"; sourceTree = "<group>"; };
		A2ACB8682872DCD7004C2E7F /* JWTCryptoSecurity+ExternalRepresentation.m */ = {isa = PBXFileReference; fileEncoding = 4; lastKnownFileType = sourcecode.c.objc; path = "JWTCryptoSecurity+ExternalRepresentation.m"; sourceTree = "<group>"; };
		A2ACB8692872DCD7004C2E7F /* JWTCryptoKey.m */ = {isa = PBXFileReference; fileEncoding = 4; lastKnownFileType = sourcecode.c.objc; path = JWTCryptoKey.m; sourceTree = "<group>"; };
		A2ACB86A2872DCD7004C2E7F /* JWTCryptoSecurity.h */ = {isa = PBXFileReference; fileEncoding = 4; lastKnownFileType = sourcecode.c.h; path = JWTCryptoSecurity.h; sourceTree = "<group>"; };
		A2ACB86B2872DCD7004C2E7F /* JWTCryptoKeyExtractor.m */ = {isa = PBXFileReference; fileEncoding = 4; lastKnownFileType = sourcecode.c.objc; path = JWTCryptoKeyExtractor.m; sourceTree = "<group>"; };
		A2ACB86C2872DCD7004C2E7F /* JWTCryptoSecurity+Extraction.m */ = {isa = PBXFileReference; fileEncoding = 4; lastKnownFileType = sourcecode.c.objc; path = "JWTCryptoSecurity+Extraction.m"; sourceTree = "<group>"; };
		A2ACB86D2872DCD7004C2E7F /* JWTCryptoSecurity+ErrorHandling.m */ = {isa = PBXFileReference; fileEncoding = 4; lastKnownFileType = sourcecode.c.objc; path = "JWTCryptoSecurity+ErrorHandling.m"; sourceTree = "<group>"; };
		A2ACB86E2872DCD7004C2E7F /* JWTCryptoKeyExtractor+FluentStyle.m */ = {isa = PBXFileReference; fileEncoding = 4; lastKnownFileType = sourcecode.c.objc; path = "JWTCryptoKeyExtractor+FluentStyle.m"; sourceTree = "<group>"; };
		A2ACB86F2872DCD7004C2E7F /* JWTCryptoSecurity.m */ = {isa = PBXFileReference; fileEncoding = 4; lastKnownFileType = sourcecode.c.objc; path = JWTCryptoSecurity.m; sourceTree = "<group>"; };
		A2ACB8702872DCD7004C2E7F /* JWTCryptoKey.h */ = {isa = PBXFileReference; fileEncoding = 4; lastKnownFileType = sourcecode.c.h; path = JWTCryptoKey.h; sourceTree = "<group>"; };
		A2ACB8712872DCD7004C2E7F /* JWTCryptoSecurity+ExternalRepresentation.h */ = {isa = PBXFileReference; fileEncoding = 4; lastKnownFileType = sourcecode.c.h; path = "JWTCryptoSecurity+ExternalRepresentation.h"; sourceTree = "<group>"; };
		A2ACB8722872DCD7004C2E7F /* JWTCryptoKeyExtractor.h */ = {isa = PBXFileReference; fileEncoding = 4; lastKnownFileType = sourcecode.c.h; path = JWTCryptoKeyExtractor.h; sourceTree = "<group>"; };
		A2ACB8742872DCD7004C2E7F /* JWTAlgorithmESBase.m */ = {isa = PBXFileReference; fileEncoding = 4; lastKnownFileType = sourcecode.c.objc; path = JWTAlgorithmESBase.m; sourceTree = "<group>"; };
		A2ACB8752872DCD7004C2E7F /* JWTAlgorithmAsymmetricBase.h */ = {isa = PBXFileReference; fileEncoding = 4; lastKnownFileType = sourcecode.c.h; path = JWTAlgorithmAsymmetricBase.h; sourceTree = "<group>"; };
		A2ACB8762872DCD7004C2E7F /* JWTAlgorithmESBase.h */ = {isa = PBXFileReference; fileEncoding = 4; lastKnownFileType = sourcecode.c.h; path = JWTAlgorithmESBase.h; sourceTree = "<group>"; };
		A2ACB8772872DCD7004C2E7F /* JWTAlgorithmAsymmetricBase.m */ = {isa = PBXFileReference; fileEncoding = 4; lastKnownFileType = sourcecode.c.objc; path = JWTAlgorithmAsymmetricBase.m; sourceTree = "<group>"; };
		A2ACB8792872DCD7004C2E7F /* JWTAlgorithmNone.m */ = {isa = PBXFileReference; fileEncoding = 4; lastKnownFileType = sourcecode.c.objc; path = JWTAlgorithmNone.m; sourceTree = "<group>"; };
		A2ACB87A2872DCD7004C2E7F /* JWTAlgorithmErrorDescription.h */ = {isa = PBXFileReference; fileEncoding = 4; lastKnownFileType = sourcecode.c.h; path = JWTAlgorithmErrorDescription.h; sourceTree = "<group>"; };
		A2ACB87B2872DCD7004C2E7F /* JWTAlgorithmErrorDescription+Subclass.h */ = {isa = PBXFileReference; fileEncoding = 4; lastKnownFileType = sourcecode.c.h; path = "JWTAlgorithmErrorDescription+Subclass.h"; sourceTree = "<group>"; };
		A2ACB87C2872DCD7004C2E7F /* JWTAlgorithmFactory.m */ = {isa = PBXFileReference; fileEncoding = 4; lastKnownFileType = sourcecode.c.objc; path = JWTAlgorithmFactory.m; sourceTree = "<group>"; };
		A2ACB87D2872DCD7004C2E7F /* JWTAlgorithm.h */ = {isa = PBXFileReference; fileEncoding = 4; lastKnownFileType = sourcecode.c.h; path = JWTAlgorithm.h; sourceTree = "<group>"; };
		A2ACB87E2872DCD7004C2E7F /* JWTAlgorithmNone.h */ = {isa = PBXFileReference; fileEncoding = 4; lastKnownFileType = sourcecode.c.h; path = JWTAlgorithmNone.h; sourceTree = "<group>"; };
		A2ACB87F2872DCD7004C2E7F /* JWTAlgorithmErrorDescription.m */ = {isa = PBXFileReference; fileEncoding = 4; lastKnownFileType = sourcecode.c.objc; path = JWTAlgorithmErrorDescription.m; sourceTree = "<group>"; };
		A2ACB8802872DCD7004C2E7F /* JWTAlgorithmErrorDescription+Subclass.m */ = {isa = PBXFileReference; fileEncoding = 4; lastKnownFileType = sourcecode.c.objc; path = "JWTAlgorithmErrorDescription+Subclass.m"; sourceTree = "<group>"; };
		A2ACB8812872DCD7004C2E7F /* JWTAlgorithmFactory.h */ = {isa = PBXFileReference; fileEncoding = 4; lastKnownFileType = sourcecode.c.h; path = JWTAlgorithmFactory.h; sourceTree = "<group>"; };
		A2ACB8832872DCD7004C2E7F /* JWTDeprecations.h */ = {isa = PBXFileReference; fileEncoding = 4; lastKnownFileType = sourcecode.c.h; path = JWTDeprecations.h; sourceTree = "<group>"; };
		A2ACB8842872DCD7004C2E7F /* JWTErrorDescription.h */ = {isa = PBXFileReference; fileEncoding = 4; lastKnownFileType = sourcecode.c.h; path = JWTErrorDescription.h; sourceTree = "<group>"; };
		A2ACB8852872DCD7004C2E7F /* JWTBase64Coder.m */ = {isa = PBXFileReference; fileEncoding = 4; lastKnownFileType = sourcecode.c.objc; path = JWTBase64Coder.m; sourceTree = "<group>"; };
		A2ACB8862872DCD7004C2E7F /* JWTErrorDescription.m */ = {isa = PBXFileReference; fileEncoding = 4; lastKnownFileType = sourcecode.c.objc; path = JWTErrorDescription.m; sourceTree = "<group>"; };
		A2ACB8872872DCD7004C2E7F /* JWTBase64Coder.h */ = {isa = PBXFileReference; fileEncoding = 4; lastKnownFileType = sourcecode.c.h; path = JWTBase64Coder.h; sourceTree = "<group>"; };
		A2ACB8892872DCD7004C2E7F /* JWTCodingBuilder+FluentStyle.m */ = {isa = PBXFileReference; fileEncoding = 4; lastKnownFileType = sourcecode.c.objc; path = "JWTCodingBuilder+FluentStyle.m"; sourceTree = "<group>"; };
		A2ACB88A2872DCD7004C2E7F /* JWTCoding+VersionTwo.h */ = {isa = PBXFileReference; fileEncoding = 4; lastKnownFileType = sourcecode.c.h; path = "JWTCoding+VersionTwo.h"; sourceTree = "<group>"; };
		A2ACB88B2872DCD7004C2E7F /* JWTCoding+VersionThree.h */ = {isa = PBXFileReference; fileEncoding = 4; lastKnownFileType = sourcecode.c.h; path = "JWTCoding+VersionThree.h"; sourceTree = "<group>"; };
		A2ACB88C2872DCD7004C2E7F /* JWTCoding+VersionOne.m */ = {isa = PBXFileReference; fileEncoding = 4; lastKnownFileType = sourcecode.c.objc; path = "JWTCoding+VersionOne.m"; sourceTree = "<group>"; };
		A2ACB88D2872DCD7004C2E7F /* JWTCoding+ResultTypes.h */ = {isa = PBXFileReference; fileEncoding = 4; lastKnownFileType = sourcecode.c.h; path = "JWTCoding+ResultTypes.h"; sourceTree = "<group>"; };
		A2ACB88E2872DCD7004C2E7F /* JWTCoding.h */ = {isa = PBXFileReference; fileEncoding = 4; lastKnownFileType = sourcecode.c.h; path = JWTCoding.h; sourceTree = "<group>"; };
		A2ACB88F2872DCD7004C2E7F /* JWTBuilder+FluentStyle.h */ = {isa = PBXFileReference; fileEncoding = 4; lastKnownFileType = sourcecode.c.h; path = "JWTBuilder+FluentStyle.h"; sourceTree = "<group>"; };
		A2ACB8902872DCD7004C2E7F /* JWTCoding+VersionTwo.m */ = {isa = PBXFileReference; fileEncoding = 4; lastKnownFileType = sourcecode.c.objc; path = "JWTCoding+VersionTwo.m"; sourceTree = "<group>"; };
		A2ACB8912872DCD7004C2E7F /* JWTCodingBuilder+FluentStyle.h */ = {isa = PBXFileReference; fileEncoding = 4; lastKnownFileType = sourcecode.c.h; path = "JWTCodingBuilder+FluentStyle.h"; sourceTree = "<group>"; };
		A2ACB8922872DCD7004C2E7F /* JWTCoding+VersionThree.m */ = {isa = PBXFileReference; fileEncoding = 4; lastKnownFileType = sourcecode.c.objc; path = "JWTCoding+VersionThree.m"; sourceTree = "<group>"; };
		A2ACB8932872DCD7004C2E7F /* JWTCoding.m */ = {isa = PBXFileReference; fileEncoding = 4; lastKnownFileType = sourcecode.c.objc; path = JWTCoding.m; sourceTree = "<group>"; };
		A2ACB8942872DCD7004C2E7F /* JWTCoding+ResultTypes.m */ = {isa = PBXFileReference; fileEncoding = 4; lastKnownFileType = sourcecode.c.objc; path = "JWTCoding+ResultTypes.m"; sourceTree = "<group>"; };
		A2ACB8952872DCD7004C2E7F /* JWTCoding+VersionOne.h */ = {isa = PBXFileReference; fileEncoding = 4; lastKnownFileType = sourcecode.c.h; path = "JWTCoding+VersionOne.h"; sourceTree = "<group>"; };
		A2ACB8962872DCD7004C2E7F /* JWTBuilder+FluentStyle.m */ = {isa = PBXFileReference; fileEncoding = 4; lastKnownFileType = sourcecode.c.objc; path = "JWTBuilder+FluentStyle.m"; sourceTree = "<group>"; };
		A2ACB8E02872DD26004C2E7F /* MF_Base64Additions.h */ = {isa = PBXFileReference; fileEncoding = 4; lastKnownFileType = sourcecode.c.h; path = MF_Base64Additions.h; sourceTree = "<group>"; };
		A2ACB8E12872DD26004C2E7F /* MF_Base64Additions.m */ = {isa = PBXFileReference; fileEncoding = 4; lastKnownFileType = sourcecode.c.objc; path = MF_Base64Additions.m; sourceTree = "<group>"; };
		A2DA86AB28A341CC0093EBDF /* JWT-Info.plist */ = {isa = PBXFileReference; fileEncoding = 4; lastKnownFileType = text.plist.xml; path = "JWT-Info.plist"; sourceTree = "<group>"; };
/* End PBXFileReference section */

/* Begin PBXFrameworksBuildPhase section */
		A2ACB83B2872DC96004C2E7F /* Frameworks */ = {
			isa = PBXFrameworksBuildPhase;
			buildActionMask = 2147483647;
			files = (
			);
			runOnlyForDeploymentPostprocessing = 0;
		};
/* End PBXFrameworksBuildPhase section */

/* Begin PBXGroup section */
		A2ACB8342872DC96004C2E7F = {
			isa = PBXGroup;
			children = (
				A2DA86AB28A341CC0093EBDF /* JWT-Info.plist */,
				A2ACB8DF2872DD26004C2E7F /* Base64 */,
				A2ACB8482872DCD7004C2E7F /* Core */,
				A2ACB83F2872DC96004C2E7F /* Products */,
			);
			sourceTree = "<group>";
		};
		A2ACB83F2872DC96004C2E7F /* Products */ = {
			isa = PBXGroup;
			children = (
				A2ACB83E2872DC96004C2E7F /* JWT.framework */,
			);
			name = Products;
			sourceTree = "<group>";
		};
		A2ACB8482872DCD7004C2E7F /* Core */ = {
			isa = PBXGroup;
			children = (
				A2ACB8492872DCD7004C2E7F /* ClaimSet */,
				A2ACB8522872DCD7004C2E7F /* FrameworkSupplement */,
				A2ACB8552872DCD7004C2E7F /* Algorithms */,
				A2ACB8822872DCD7004C2E7F /* Supplement */,
				A2ACB8882872DCD7004C2E7F /* Coding */,
			);
			name = Core;
			path = ../../Core;
			sourceTree = "<group>";
		};
		A2ACB8492872DCD7004C2E7F /* ClaimSet */ = {
			isa = PBXGroup;
			children = (
				A2ACB84A2872DCD7004C2E7F /* JWTClaimsSetVerifier.h */,
				A2ACB84B2872DCD7004C2E7F /* JWTClaimsSetSerializer.h */,
				A2ACB84C2872DCD7004C2E7F /* JWTClaimsSet.m */,
				A2ACB84D2872DCD7004C2E7F /* JWTClaim.m */,
				A2ACB84E2872DCD7004C2E7F /* JWTClaimsSetVerifier.m */,
				A2ACB84F2872DCD7004C2E7F /* JWTClaim.h */,
				A2ACB8502872DCD7004C2E7F /* JWTClaimsSet.h */,
				A2ACB8512872DCD7004C2E7F /* JWTClaimsSetSerializer.m */,
			);
			path = ClaimSet;
			sourceTree = "<group>";
		};
		A2ACB8522872DCD7004C2E7F /* FrameworkSupplement */ = {
			isa = PBXGroup;
			children = (
				A2ACB8532872DCD7004C2E7F /* Map.modulemap */,
				A2ACB8542872DCD7004C2E7F /* JWT.h */,
			);
			path = FrameworkSupplement;
			sourceTree = "<group>";
		};
		A2ACB8552872DCD7004C2E7F /* Algorithms */ = {
			isa = PBXGroup;
			children = (
				A2ACB8562872DCD7004C2E7F /* Holders */,
				A2ACB85D2872DCD7004C2E7F /* HSFamily */,
				A2ACB8602872DCD7004C2E7F /* RSFamily */,
				A2ACB8732872DCD7004C2E7F /* ESFamily */,
				A2ACB8782872DCD7004C2E7F /* Base */,
			);
			path = Algorithms;
			sourceTree = "<group>";
		};
		A2ACB8562872DCD7004C2E7F /* Holders */ = {
			isa = PBXGroup;
			children = (
				A2ACB8572872DCD7004C2E7F /* JWTAlgorithmDataHolderChain.h */,
				A2ACB8582872DCD7004C2E7F /* JWTAlgorithmDataHolder+FluentStyle.m */,
				A2ACB8592872DCD7004C2E7F /* JWTAlgorithmDataHolder.h */,
				A2ACB85A2872DCD7004C2E7F /* JWTAlgorithmDataHolderChain.m */,
				A2ACB85B2872DCD7004C2E7F /* JWTAlgorithmDataHolder+FluentStyle.h */,
				A2ACB85C2872DCD7004C2E7F /* JWTAlgorithmDataHolder.m */,
			);
			path = Holders;
			sourceTree = "<group>";
		};
		A2ACB85D2872DCD7004C2E7F /* HSFamily */ = {
			isa = PBXGroup;
			children = (
				A2ACB85E2872DCD7004C2E7F /* JWTAlgorithmHSBase.h */,
				A2ACB85F2872DCD7004C2E7F /* JWTAlgorithmHSBase.m */,
			);
			path = HSFamily;
			sourceTree = "<group>";
		};
		A2ACB8602872DCD7004C2E7F /* RSFamily */ = {
			isa = PBXGroup;
			children = (
				A2ACB8612872DCD7004C2E7F /* JWTAlgorithmRSBase.h */,
				A2ACB8622872DCD7004C2E7F /* JWTRSAlgorithm.h */,
				A2ACB8632872DCD7004C2E7F /* JWTAlgorithmRSBase.m */,
				A2ACB8642872DCD7004C2E7F /* RSKeys */,
			);
			path = RSFamily;
			sourceTree = "<group>";
		};
		A2ACB8642872DCD7004C2E7F /* RSKeys */ = {
			isa = PBXGroup;
			children = (
				A2ACB8652872DCD7004C2E7F /* JWTCryptoSecurity+Extraction.h */,
				A2ACB8662872DCD7004C2E7F /* JWTCryptoKeyExtractor+FluentStyle.h */,
				A2ACB8672872DCD7004C2E7F /* JWTCryptoSecurity+ErrorHandling.h */,
				A2ACB8682872DCD7004C2E7F /* JWTCryptoSecurity+ExternalRepresentation.m */,
				A2ACB8692872DCD7004C2E7F /* JWTCryptoKey.m */,
				A2ACB86A2872DCD7004C2E7F /* JWTCryptoSecurity.h */,
				A2ACB86B2872DCD7004C2E7F /* JWTCryptoKeyExtractor.m */,
				A2ACB86C2872DCD7004C2E7F /* JWTCryptoSecurity+Extraction.m */,
				A2ACB86D2872DCD7004C2E7F /* JWTCryptoSecurity+ErrorHandling.m */,
				A2ACB86E2872DCD7004C2E7F /* JWTCryptoKeyExtractor+FluentStyle.m */,
				A2ACB86F2872DCD7004C2E7F /* JWTCryptoSecurity.m */,
				A2ACB8702872DCD7004C2E7F /* JWTCryptoKey.h */,
				A2ACB8712872DCD7004C2E7F /* JWTCryptoSecurity+ExternalRepresentation.h */,
				A2ACB8722872DCD7004C2E7F /* JWTCryptoKeyExtractor.h */,
			);
			path = RSKeys;
			sourceTree = "<group>";
		};
		A2ACB8732872DCD7004C2E7F /* ESFamily */ = {
			isa = PBXGroup;
			children = (
				A2ACB8742872DCD7004C2E7F /* JWTAlgorithmESBase.m */,
				A2ACB8752872DCD7004C2E7F /* JWTAlgorithmAsymmetricBase.h */,
				A2ACB8762872DCD7004C2E7F /* JWTAlgorithmESBase.h */,
				A2ACB8772872DCD7004C2E7F /* JWTAlgorithmAsymmetricBase.m */,
			);
			path = ESFamily;
			sourceTree = "<group>";
		};
		A2ACB8782872DCD7004C2E7F /* Base */ = {
			isa = PBXGroup;
			children = (
				A2ACB8792872DCD7004C2E7F /* JWTAlgorithmNone.m */,
				A2ACB87A2872DCD7004C2E7F /* JWTAlgorithmErrorDescription.h */,
				A2ACB87B2872DCD7004C2E7F /* JWTAlgorithmErrorDescription+Subclass.h */,
				A2ACB87C2872DCD7004C2E7F /* JWTAlgorithmFactory.m */,
				A2ACB87D2872DCD7004C2E7F /* JWTAlgorithm.h */,
				A2ACB87E2872DCD7004C2E7F /* JWTAlgorithmNone.h */,
				A2ACB87F2872DCD7004C2E7F /* JWTAlgorithmErrorDescription.m */,
				A2ACB8802872DCD7004C2E7F /* JWTAlgorithmErrorDescription+Subclass.m */,
				A2ACB8812872DCD7004C2E7F /* JWTAlgorithmFactory.h */,
			);
			path = Base;
			sourceTree = "<group>";
		};
		A2ACB8822872DCD7004C2E7F /* Supplement */ = {
			isa = PBXGroup;
			children = (
				A2ACB8832872DCD7004C2E7F /* JWTDeprecations.h */,
				A2ACB8842872DCD7004C2E7F /* JWTErrorDescription.h */,
				A2ACB8852872DCD7004C2E7F /* JWTBase64Coder.m */,
				A2ACB8862872DCD7004C2E7F /* JWTErrorDescription.m */,
				A2ACB8872872DCD7004C2E7F /* JWTBase64Coder.h */,
			);
			path = Supplement;
			sourceTree = "<group>";
		};
		A2ACB8882872DCD7004C2E7F /* Coding */ = {
			isa = PBXGroup;
			children = (
				A2ACB8892872DCD7004C2E7F /* JWTCodingBuilder+FluentStyle.m */,
				A2ACB88A2872DCD7004C2E7F /* JWTCoding+VersionTwo.h */,
				A2ACB88B2872DCD7004C2E7F /* JWTCoding+VersionThree.h */,
				A2ACB88C2872DCD7004C2E7F /* JWTCoding+VersionOne.m */,
				A2ACB88D2872DCD7004C2E7F /* JWTCoding+ResultTypes.h */,
				A2ACB88E2872DCD7004C2E7F /* JWTCoding.h */,
				A2ACB88F2872DCD7004C2E7F /* JWTBuilder+FluentStyle.h */,
				A2ACB8902872DCD7004C2E7F /* JWTCoding+VersionTwo.m */,
				A2ACB8912872DCD7004C2E7F /* JWTCodingBuilder+FluentStyle.h */,
				A2ACB8922872DCD7004C2E7F /* JWTCoding+VersionThree.m */,
				A2ACB8932872DCD7004C2E7F /* JWTCoding.m */,
				A2ACB8942872DCD7004C2E7F /* JWTCoding+ResultTypes.m */,
				A2ACB8952872DCD7004C2E7F /* JWTCoding+VersionOne.h */,
				A2ACB8962872DCD7004C2E7F /* JWTBuilder+FluentStyle.m */,
			);
			path = Coding;
			sourceTree = "<group>";
		};
		A2ACB8DF2872DD26004C2E7F /* Base64 */ = {
			isa = PBXGroup;
			children = (
				A2ACB8E02872DD26004C2E7F /* MF_Base64Additions.h */,
				A2ACB8E12872DD26004C2E7F /* MF_Base64Additions.m */,
			);
			name = Base64;
			path = ../../Dependencies/Base64/Base64;
			sourceTree = "<group>";
		};
/* End PBXGroup section */

/* Begin PBXHeadersBuildPhase section */
		A2ACB8392872DC96004C2E7F /* Headers */ = {
			isa = PBXHeadersBuildPhase;
			buildActionMask = 2147483647;
			files = (
				A2ACB8C12872DCD7004C2E7F /* JWTAlgorithm.h in Headers */,
				A2ACB8A62872DCD7004C2E7F /* JWTAlgorithmHSBase.h in Headers */,
				A2ACB8C72872DCD7004C2E7F /* JWTErrorDescription.h in Headers */,
				A2ACB89F2872DCD7004C2E7F /* JWT.h in Headers */,
				A2ACB8AD2872DCD7004C2E7F /* JWTCryptoSecurity+ErrorHandling.h in Headers */,
				A2ACB8B82872DCD7004C2E7F /* JWTCryptoKeyExtractor.h in Headers */,
				A2ACB8AC2872DCD7004C2E7F /* JWTCryptoKeyExtractor+FluentStyle.h in Headers */,
				A2ACB8C62872DCD7004C2E7F /* JWTDeprecations.h in Headers */,
				A2ACB8982872DCD7004C2E7F /* JWTClaimsSetSerializer.h in Headers */,
				A2ACB8AB2872DCD7004C2E7F /* JWTCryptoSecurity+Extraction.h in Headers */,
				A2ACB8CC2872DCD7004C2E7F /* JWTCoding+VersionTwo.h in Headers */,
				A2ACB8D32872DCD7004C2E7F /* JWTCodingBuilder+FluentStyle.h in Headers */,
				A2ACB8BB2872DCD7004C2E7F /* JWTAlgorithmESBase.h in Headers */,
				A2ACB8B62872DCD7004C2E7F /* JWTCryptoKey.h in Headers */,
				A2ACB8C22872DCD7004C2E7F /* JWTAlgorithmNone.h in Headers */,
				A2ACB8D72872DCD7004C2E7F /* JWTCoding+VersionOne.h in Headers */,
				A2ACB8A92872DCD7004C2E7F /* JWTRSAlgorithm.h in Headers */,
				A2ACB8C52872DCD7004C2E7F /* JWTAlgorithmFactory.h in Headers */,
				A2ACB8B02872DCD7004C2E7F /* JWTCryptoSecurity.h in Headers */,
				A2ACB8B72872DCD7004C2E7F /* JWTCryptoSecurity+ExternalRepresentation.h in Headers */,
				A2ACB8BA2872DCD7004C2E7F /* JWTAlgorithmAsymmetricBase.h in Headers */,
				A2ACB8A42872DCD7004C2E7F /* JWTAlgorithmDataHolder+FluentStyle.h in Headers */,
				A2ACB8D02872DCD7004C2E7F /* JWTCoding.h in Headers */,
				A2ACB8CF2872DCD7004C2E7F /* JWTCoding+ResultTypes.h in Headers */,
				A2ACB8A22872DCD7004C2E7F /* JWTAlgorithmDataHolder.h in Headers */,
				A2ACB89D2872DCD7004C2E7F /* JWTClaimsSet.h in Headers */,
				A2ACB8BE2872DCD7004C2E7F /* JWTAlgorithmErrorDescription.h in Headers */,
				A2ACB8D12872DCD7004C2E7F /* JWTBuilder+FluentStyle.h in Headers */,
				A2ACB8972872DCD7004C2E7F /* JWTClaimsSetVerifier.h in Headers */,
				A2ACB8A02872DCD7004C2E7F /* JWTAlgorithmDataHolderChain.h in Headers */,
				A2ACB8CA2872DCD7004C2E7F /* JWTBase64Coder.h in Headers */,
				A2ACB8CD2872DCD7004C2E7F /* JWTCoding+VersionThree.h in Headers */,
				A2ACB8A82872DCD7004C2E7F /* JWTAlgorithmRSBase.h in Headers */,
				A2ACB89C2872DCD7004C2E7F /* JWTClaim.h in Headers */,
				A2ACB8BF2872DCD7004C2E7F /* JWTAlgorithmErrorDescription+Subclass.h in Headers */,
				A2ACB8E22872DD26004C2E7F /* MF_Base64Additions.h in Headers */,
			);
			runOnlyForDeploymentPostprocessing = 0;
		};
/* End PBXHeadersBuildPhase section */

/* Begin PBXNativeTarget section */
		A2ACB83D2872DC96004C2E7F /* JWT */ = {
			isa = PBXNativeTarget;
			buildConfigurationList = A2ACB8452872DC96004C2E7F /* Build configuration list for PBXNativeTarget "JWT" */;
			buildPhases = (
				A2ACB8392872DC96004C2E7F /* Headers */,
				A2ACB83A2872DC96004C2E7F /* Sources */,
				A2ACB83B2872DC96004C2E7F /* Frameworks */,
				A2ACB83C2872DC96004C2E7F /* Resources */,
			);
			buildRules = (
			);
			dependencies = (
			);
			name = JWT;
			productName = JWT;
			productReference = A2ACB83E2872DC96004C2E7F /* JWT.framework */;
			productType = "com.apple.product-type.framework";
		};
/* End PBXNativeTarget section */

/* Begin PBXProject section */
		A2ACB8352872DC96004C2E7F /* Project object */ = {
			isa = PBXProject;
			attributes = {
				BuildIndependentTargetsInParallel = 1;
				LastUpgradeCheck = 1330;
				TargetAttributes = {
					A2ACB83D2872DC96004C2E7F = {
						CreatedOnToolsVersion = 13.3;
					};
				};
			};
			buildConfigurationList = A2ACB8382872DC96004C2E7F /* Build configuration list for PBXProject "JWT" */;
			compatibilityVersion = "Xcode 9.3";
			developmentRegion = en;
			hasScannedForEncodings = 0;
			knownRegions = (
				en,
				Base,
			);
			mainGroup = A2ACB8342872DC96004C2E7F;
			productRefGroup = A2ACB83F2872DC96004C2E7F /* Products */;
			projectDirPath = "";
			projectRoot = "";
			targets = (
				A2ACB83D2872DC96004C2E7F /* JWT */,
			);
		};
/* End PBXProject section */

/* Begin PBXResourcesBuildPhase section */
		A2ACB83C2872DC96004C2E7F /* Resources */ = {
			isa = PBXResourcesBuildPhase;
			buildActionMask = 2147483647;
			files = (
			);
			runOnlyForDeploymentPostprocessing = 0;
		};
/* End PBXResourcesBuildPhase section */

/* Begin PBXSourcesBuildPhase section */
		A2ACB83A2872DC96004C2E7F /* Sources */ = {
			isa = PBXSourcesBuildPhase;
			buildActionMask = 2147483647;
			files = (
				A2ACB8BC2872DCD7004C2E7F /* JWTAlgorithmAsymmetricBase.m in Sources */,
				A2ACB8AE2872DCD7004C2E7F /* JWTCryptoSecurity+ExternalRepresentation.m in Sources */,
				A2ACB8B12872DCD7004C2E7F /* JWTCryptoKeyExtractor.m in Sources */,
				A2ACB8C92872DCD7004C2E7F /* JWTErrorDescription.m in Sources */,
				A2ACB8BD2872DCD7004C2E7F /* JWTAlgorithmNone.m in Sources */,
				A2ACB8E32872DD26004C2E7F /* MF_Base64Additions.m in Sources */,
				A2ACB8B32872DCD7004C2E7F /* JWTCryptoSecurity+ErrorHandling.m in Sources */,
				A2ACB89B2872DCD7004C2E7F /* JWTClaimsSetVerifier.m in Sources */,
				A2ACB8B22872DCD7004C2E7F /* JWTCryptoSecurity+Extraction.m in Sources */,
				A2ACB8AA2872DCD7004C2E7F /* JWTAlgorithmRSBase.m in Sources */,
				A2ACB8D42872DCD7004C2E7F /* JWTCoding+VersionThree.m in Sources */,
				A2ACB8B92872DCD7004C2E7F /* JWTAlgorithmESBase.m in Sources */,
				A2ACB8D82872DCD7004C2E7F /* JWTBuilder+FluentStyle.m in Sources */,
				A2ACB8A72872DCD7004C2E7F /* JWTAlgorithmHSBase.m in Sources */,
				A2ACB8D22872DCD7004C2E7F /* JWTCoding+VersionTwo.m in Sources */,
				A2ACB8D52872DCD7004C2E7F /* JWTCoding.m in Sources */,
				A2ACB8A32872DCD7004C2E7F /* JWTAlgorithmDataHolderChain.m in Sources */,
				A2ACB89A2872DCD7004C2E7F /* JWTClaim.m in Sources */,
				A2ACB8C02872DCD7004C2E7F /* JWTAlgorithmFactory.m in Sources */,
				A2ACB8B42872DCD7004C2E7F /* JWTCryptoKeyExtractor+FluentStyle.m in Sources */,
				A2ACB8AF2872DCD7004C2E7F /* JWTCryptoKey.m in Sources */,
				A2ACB8992872DCD7004C2E7F /* JWTClaimsSet.m in Sources */,
				A2ACB8C32872DCD7004C2E7F /* JWTAlgorithmErrorDescription.m in Sources */,
				A2ACB8B52872DCD7004C2E7F /* JWTCryptoSecurity.m in Sources */,
				A2ACB8C82872DCD7004C2E7F /* JWTBase64Coder.m in Sources */,
				A2ACB8A52872DCD7004C2E7F /* JWTAlgorithmDataHolder.m in Sources */,
				A2ACB8CB2872DCD7004C2E7F /* JWTCodingBuilder+FluentStyle.m in Sources */,
				A2ACB8A12872DCD7004C2E7F /* JWTAlgorithmDataHolder+FluentStyle.m in Sources */,
				A2ACB8D62872DCD7004C2E7F /* JWTCoding+ResultTypes.m in Sources */,
				A2ACB8CE2872DCD7004C2E7F /* JWTCoding+VersionOne.m in Sources */,
				A2ACB89E2872DCD7004C2E7F /* JWTClaimsSetSerializer.m in Sources */,
				A2ACB8C42872DCD7004C2E7F /* JWTAlgorithmErrorDescription+Subclass.m in Sources */,
			);
			runOnlyForDeploymentPostprocessing = 0;
		};
/* End PBXSourcesBuildPhase section */

/* Begin XCBuildConfiguration section */
		A2ACB8432872DC96004C2E7F /* Debug */ = {
			isa = XCBuildConfiguration;
			buildSettings = {
				ALWAYS_SEARCH_USER_PATHS = NO;
				CLANG_ANALYZER_NONNULL = YES;
				CLANG_ANALYZER_NUMBER_OBJECT_CONVERSION = YES_AGGRESSIVE;
				CLANG_CXX_LANGUAGE_STANDARD = "gnu++17";
				CLANG_ENABLE_MODULES = YES;
				CLANG_ENABLE_OBJC_ARC = YES;
				CLANG_ENABLE_OBJC_WEAK = YES;
				CLANG_WARN_BLOCK_CAPTURE_AUTORELEASING = YES;
				CLANG_WARN_BOOL_CONVERSION = YES;
				CLANG_WARN_COMMA = YES;
				CLANG_WARN_CONSTANT_CONVERSION = YES;
				CLANG_WARN_DEPRECATED_OBJC_IMPLEMENTATIONS = YES;
				CLANG_WARN_DIRECT_OBJC_ISA_USAGE = YES_ERROR;
				CLANG_WARN_DOCUMENTATION_COMMENTS = YES;
				CLANG_WARN_EMPTY_BODY = YES;
				CLANG_WARN_ENUM_CONVERSION = YES;
				CLANG_WARN_INFINITE_RECURSION = YES;
				CLANG_WARN_INT_CONVERSION = YES;
				CLANG_WARN_NON_LITERAL_NULL_CONVERSION = YES;
				CLANG_WARN_OBJC_IMPLICIT_RETAIN_SELF = YES;
				CLANG_WARN_OBJC_LITERAL_CONVERSION = YES;
				CLANG_WARN_OBJC_ROOT_CLASS = YES_ERROR;
				CLANG_WARN_QUOTED_INCLUDE_IN_FRAMEWORK_HEADER = YES;
				CLANG_WARN_RANGE_LOOP_ANALYSIS = YES;
				CLANG_WARN_STRICT_PROTOTYPES = YES;
				CLANG_WARN_SUSPICIOUS_MOVE = YES;
				CLANG_WARN_UNGUARDED_AVAILABILITY = YES_AGGRESSIVE;
				CLANG_WARN_UNREACHABLE_CODE = YES;
				CLANG_WARN__DUPLICATE_METHOD_MATCH = YES;
				COPY_PHASE_STRIP = NO;
				CURRENT_PROJECT_VERSION = 1;
				DEBUG_INFORMATION_FORMAT = dwarf;
				ENABLE_STRICT_OBJC_MSGSEND = YES;
				ENABLE_TESTABILITY = YES;
				GCC_C_LANGUAGE_STANDARD = gnu11;
				GCC_DYNAMIC_NO_PIC = NO;
				GCC_NO_COMMON_BLOCKS = YES;
				GCC_OPTIMIZATION_LEVEL = 0;
				GCC_PREPROCESSOR_DEFINITIONS = (
					"DEBUG=1",
					"$(inherited)",
				);
				GCC_WARN_64_TO_32_BIT_CONVERSION = YES;
				GCC_WARN_ABOUT_RETURN_TYPE = YES_ERROR;
				GCC_WARN_UNDECLARED_SELECTOR = YES;
				GCC_WARN_UNINITIALIZED_AUTOS = YES_AGGRESSIVE;
				GCC_WARN_UNUSED_FUNCTION = YES;
				GCC_WARN_UNUSED_VARIABLE = YES;
				IPHONEOS_DEPLOYMENT_TARGET = 9.0;
				MTL_ENABLE_DEBUG_INFO = INCLUDE_SOURCE;
				MTL_FAST_MATH = YES;
				ONLY_ACTIVE_ARCH = YES;
				SDKROOT = appletvos;
				TVOS_DEPLOYMENT_TARGET = 9.0;
				VERSIONING_SYSTEM = "apple-generic";
				VERSION_INFO_PREFIX = "";
			};
			name = Debug;
		};
		A2ACB8442872DC96004C2E7F /* Release */ = {
			isa = XCBuildConfiguration;
			buildSettings = {
				ALWAYS_SEARCH_USER_PATHS = NO;
				CLANG_ANALYZER_NONNULL = YES;
				CLANG_ANALYZER_NUMBER_OBJECT_CONVERSION = YES_AGGRESSIVE;
				CLANG_CXX_LANGUAGE_STANDARD = "gnu++17";
				CLANG_ENABLE_MODULES = YES;
				CLANG_ENABLE_OBJC_ARC = YES;
				CLANG_ENABLE_OBJC_WEAK = YES;
				CLANG_WARN_BLOCK_CAPTURE_AUTORELEASING = YES;
				CLANG_WARN_BOOL_CONVERSION = YES;
				CLANG_WARN_COMMA = YES;
				CLANG_WARN_CONSTANT_CONVERSION = YES;
				CLANG_WARN_DEPRECATED_OBJC_IMPLEMENTATIONS = YES;
				CLANG_WARN_DIRECT_OBJC_ISA_USAGE = YES_ERROR;
				CLANG_WARN_DOCUMENTATION_COMMENTS = YES;
				CLANG_WARN_EMPTY_BODY = YES;
				CLANG_WARN_ENUM_CONVERSION = YES;
				CLANG_WARN_INFINITE_RECURSION = YES;
				CLANG_WARN_INT_CONVERSION = YES;
				CLANG_WARN_NON_LITERAL_NULL_CONVERSION = YES;
				CLANG_WARN_OBJC_IMPLICIT_RETAIN_SELF = YES;
				CLANG_WARN_OBJC_LITERAL_CONVERSION = YES;
				CLANG_WARN_OBJC_ROOT_CLASS = YES_ERROR;
				CLANG_WARN_QUOTED_INCLUDE_IN_FRAMEWORK_HEADER = YES;
				CLANG_WARN_RANGE_LOOP_ANALYSIS = YES;
				CLANG_WARN_STRICT_PROTOTYPES = YES;
				CLANG_WARN_SUSPICIOUS_MOVE = YES;
				CLANG_WARN_UNGUARDED_AVAILABILITY = YES_AGGRESSIVE;
				CLANG_WARN_UNREACHABLE_CODE = YES;
				CLANG_WARN__DUPLICATE_METHOD_MATCH = YES;
				COPY_PHASE_STRIP = NO;
				CURRENT_PROJECT_VERSION = 1;
				DEBUG_INFORMATION_FORMAT = "dwarf-with-dsym";
				ENABLE_NS_ASSERTIONS = NO;
				ENABLE_STRICT_OBJC_MSGSEND = YES;
				GCC_C_LANGUAGE_STANDARD = gnu11;
				GCC_NO_COMMON_BLOCKS = YES;
				GCC_WARN_64_TO_32_BIT_CONVERSION = YES;
				GCC_WARN_ABOUT_RETURN_TYPE = YES_ERROR;
				GCC_WARN_UNDECLARED_SELECTOR = YES;
				GCC_WARN_UNINITIALIZED_AUTOS = YES_AGGRESSIVE;
				GCC_WARN_UNUSED_FUNCTION = YES;
				GCC_WARN_UNUSED_VARIABLE = YES;
				IPHONEOS_DEPLOYMENT_TARGET = 9.0;
				MTL_ENABLE_DEBUG_INFO = NO;
				MTL_FAST_MATH = YES;
				SDKROOT = appletvos;
				TVOS_DEPLOYMENT_TARGET = 9.0;
				VALIDATE_PRODUCT = YES;
				VERSIONING_SYSTEM = "apple-generic";
				VERSION_INFO_PREFIX = "";
			};
			name = Release;
		};
		A2ACB8462872DC96004C2E7F /* Debug */ = {
			isa = XCBuildConfiguration;
			buildSettings = {
				CODE_SIGN_STYLE = Automatic;
				CURRENT_PROJECT_VERSION = 1.0;
				DEFINES_MODULE = YES;
				DYLIB_COMPATIBILITY_VERSION = 1;
				DYLIB_CURRENT_VERSION = 1;
				DYLIB_INSTALL_NAME_BASE = "@rpath";
				GENERATE_INFOPLIST_FILE = NO;
				INFOPLIST_FILE = "JWT-Info.plist";
				INFOPLIST_KEY_NSHumanReadableCopyright = "";
				INSTALL_PATH = "$(LOCAL_LIBRARY_DIR)/Frameworks";
				IPHONEOS_DEPLOYMENT_TARGET = 9.0;
				"IPHONEOS_DEPLOYMENT_TARGET[sdk=macosx*]" = 13.1;
				LD_RUNPATH_SEARCH_PATHS = (
					"$(inherited)",
					"@executable_path/Frameworks",
					"@loader_path/Frameworks",
				);
				MARKETING_VERSION = 1.0;
				PRODUCT_BUNDLE_IDENTIFIER = io.jwt.JWT;
				PRODUCT_NAME = "$(TARGET_NAME:c99extidentifier)";
				SDKROOT = appletvos;
				SKIP_INSTALL = YES;
				SWIFT_EMIT_LOC_STRINGS = YES;
				TARGETED_DEVICE_FAMILY = "1,2";
				TVOS_DEPLOYMENT_TARGET = 9.0;
			};
			name = Debug;
		};
		A2ACB8472872DC96004C2E7F /* Release */ = {
			isa = XCBuildConfiguration;
			buildSettings = {
				CODE_SIGN_STYLE = Automatic;
				CURRENT_PROJECT_VERSION = 1.0;
				DEFINES_MODULE = YES;
				DYLIB_COMPATIBILITY_VERSION = 1;
				DYLIB_CURRENT_VERSION = 1;
				DYLIB_INSTALL_NAME_BASE = "@rpath";
				GENERATE_INFOPLIST_FILE = NO;
				INFOPLIST_FILE = "JWT-Info.plist";
				INFOPLIST_KEY_NSHumanReadableCopyright = "";
				INSTALL_PATH = "$(LOCAL_LIBRARY_DIR)/Frameworks";
				IPHONEOS_DEPLOYMENT_TARGET = 9.0;
				"IPHONEOS_DEPLOYMENT_TARGET[sdk=macosx*]" = 13.1;
				LD_RUNPATH_SEARCH_PATHS = (
					"$(inherited)",
					"@executable_path/Frameworks",
					"@loader_path/Frameworks",
				);
				MARKETING_VERSION = 1.0;
				PRODUCT_BUNDLE_IDENTIFIER = io.jwt.JWT;
				PRODUCT_NAME = "$(TARGET_NAME:c99extidentifier)";
				SDKROOT = appletvos;
				SKIP_INSTALL = YES;
				SWIFT_EMIT_LOC_STRINGS = YES;
				TARGETED_DEVICE_FAMILY = "1,2";
				TVOS_DEPLOYMENT_TARGET = 9.0;
			};
			name = Release;
		};
/* End XCBuildConfiguration section */

/* Begin XCConfigurationList section */
		A2ACB8382872DC96004C2E7F /* Build configuration list for PBXProject "JWT" */ = {
			isa = XCConfigurationList;
			buildConfigurations = (
				A2ACB8432872DC96004C2E7F /* Debug */,
				A2ACB8442872DC96004C2E7F /* Release */,
			);
			defaultConfigurationIsVisible = 0;
			defaultConfigurationName = Release;
		};
		A2ACB8452872DC96004C2E7F /* Build configuration list for PBXNativeTarget "JWT" */ = {
			isa = XCConfigurationList;
			buildConfigurations = (
				A2ACB8462872DC96004C2E7F /* Debug */,
				A2ACB8472872DC96004C2E7F /* Release */,
			);
			defaultConfigurationIsVisible = 0;
			defaultConfigurationName = Release;
		};
/* End XCConfigurationList section */
	};
	rootObject = A2ACB8352872DC96004C2E7F /* Project object */;
}
