// !$*UTF8*$!
{
	archiveVersion = 1;
	classes = {
	};
	objectVersion = 46;
	objects = {

/* Begin PBXBuildFile section */
		A2AC0CBE286065780042F82A /* MF_Base64Additions.h in Headers */ = {isa = PBXBuildFile; fileRef = A2AC0CB4286065770042F82A /* MF_Base64Additions.h */; };
		A2AC0CC1286065780042F82A /* MF_Base64Additions.m in Sources */ = {isa = PBXBuildFile; fileRef = A2AC0CB7286065770042F82A /* MF_Base64Additions.m */; };
		A2AC0D13286065B00042F82A /* JWTClaimsSetVerifier.h in Headers */ = {isa = PBXBuildFile; fileRef = A2AC0CC6286065B00042F82A /* JWTClaimsSetVerifier.h */; settings = {ATTRIBUTES = (Public, ); }; };
		A2AC0D14286065B00042F82A /* JWTClaimsSetSerializer.h in Headers */ = {isa = PBXBuildFile; fileRef = A2AC0CC7286065B00042F82A /* JWTClaimsSetSerializer.h */; settings = {ATTRIBUTES = (Public, ); }; };
		A2AC0D15286065B00042F82A /* JWTClaimsSet.m in Sources */ = {isa = PBXBuildFile; fileRef = A2AC0CC8286065B00042F82A /* JWTClaimsSet.m */; };
		A2AC0D16286065B00042F82A /* JWTClaim.m in Sources */ = {isa = PBXBuildFile; fileRef = A2AC0CC9286065B00042F82A /* JWTClaim.m */; };
		A2AC0D17286065B00042F82A /* JWTClaimsSetVerifier.m in Sources */ = {isa = PBXBuildFile; fileRef = A2AC0CCA286065B00042F82A /* JWTClaimsSetVerifier.m */; };
		A2AC0D18286065B00042F82A /* JWTClaim.h in Headers */ = {isa = PBXBuildFile; fileRef = A2AC0CCB286065B00042F82A /* JWTClaim.h */; settings = {ATTRIBUTES = (Public, ); }; };
		A2AC0D19286065B00042F82A /* JWTClaimsSet.h in Headers */ = {isa = PBXBuildFile; fileRef = A2AC0CCC286065B00042F82A /* JWTClaimsSet.h */; settings = {ATTRIBUTES = (Public, ); }; };
		A2AC0D1A286065B00042F82A /* JWTClaimsSetSerializer.m in Sources */ = {isa = PBXBuildFile; fileRef = A2AC0CCD286065B00042F82A /* JWTClaimsSetSerializer.m */; };
		A2AC0D1B286065B00042F82A /* JWT.h in Headers */ = {isa = PBXBuildFile; fileRef = A2AC0CD0286065B00042F82A /* JWT.h */; settings = {ATTRIBUTES = (Public, ); }; };
		A2AC0D1C286065B00042F82A /* JWTAlgorithmDataHolderChain.h in Headers */ = {isa = PBXBuildFile; fileRef = A2AC0CD3286065B00042F82A /* JWTAlgorithmDataHolderChain.h */; settings = {ATTRIBUTES = (Public, ); }; };
		A2AC0D1D286065B00042F82A /* JWTAlgorithmDataHolder+FluentStyle.m in Sources */ = {isa = PBXBuildFile; fileRef = A2AC0CD4286065B00042F82A /* JWTAlgorithmDataHolder+FluentStyle.m */; };
		A2AC0D1E286065B00042F82A /* JWTAlgorithmDataHolder.h in Headers */ = {isa = PBXBuildFile; fileRef = A2AC0CD5286065B00042F82A /* JWTAlgorithmDataHolder.h */; settings = {ATTRIBUTES = (Public, ); }; };
		A2AC0D1F286065B00042F82A /* JWTAlgorithmDataHolderChain.m in Sources */ = {isa = PBXBuildFile; fileRef = A2AC0CD6286065B00042F82A /* JWTAlgorithmDataHolderChain.m */; };
		A2AC0D20286065B00042F82A /* JWTAlgorithmDataHolder+FluentStyle.h in Headers */ = {isa = PBXBuildFile; fileRef = A2AC0CD7286065B00042F82A /* JWTAlgorithmDataHolder+FluentStyle.h */; settings = {ATTRIBUTES = (Public, ); }; };
		A2AC0D21286065B00042F82A /* JWTAlgorithmDataHolder.m in Sources */ = {isa = PBXBuildFile; fileRef = A2AC0CD8286065B00042F82A /* JWTAlgorithmDataHolder.m */; };
		A2AC0D22286065B00042F82A /* JWTAlgorithmHSBase.h in Headers */ = {isa = PBXBuildFile; fileRef = A2AC0CDA286065B00042F82A /* JWTAlgorithmHSBase.h */; settings = {ATTRIBUTES = (Public, ); }; };
		A2AC0D23286065B00042F82A /* JWTAlgorithmHSBase.m in Sources */ = {isa = PBXBuildFile; fileRef = A2AC0CDB286065B00042F82A /* JWTAlgorithmHSBase.m */; };
		A2AC0D24286065B00042F82A /* JWTAlgorithmRSBase.h in Headers */ = {isa = PBXBuildFile; fileRef = A2AC0CDD286065B00042F82A /* JWTAlgorithmRSBase.h */; settings = {ATTRIBUTES = (Public, ); }; };
		A2AC0D25286065B00042F82A /* JWTRSAlgorithm.h in Headers */ = {isa = PBXBuildFile; fileRef = A2AC0CDE286065B00042F82A /* JWTRSAlgorithm.h */; settings = {ATTRIBUTES = (Public, ); }; };
		A2AC0D26286065B00042F82A /* JWTAlgorithmRSBase.m in Sources */ = {isa = PBXBuildFile; fileRef = A2AC0CDF286065B00042F82A /* JWTAlgorithmRSBase.m */; };
		A2AC0D27286065B00042F82A /* JWTCryptoSecurity+Extraction.h in Headers */ = {isa = PBXBuildFile; fileRef = A2AC0CE1286065B00042F82A /* JWTCryptoSecurity+Extraction.h */; settings = {ATTRIBUTES = (Public, ); }; };
		A2AC0D28286065B00042F82A /* JWTCryptoKeyExtractor+FluentStyle.h in Headers */ = {isa = PBXBuildFile; fileRef = A2AC0CE2286065B00042F82A /* JWTCryptoKeyExtractor+FluentStyle.h */; settings = {ATTRIBUTES = (Public, ); }; };
		A2AC0D29286065B00042F82A /* JWTCryptoSecurity+ErrorHandling.h in Headers */ = {isa = PBXBuildFile; fileRef = A2AC0CE3286065B00042F82A /* JWTCryptoSecurity+ErrorHandling.h */; settings = {ATTRIBUTES = (Public, ); }; };
		A2AC0D2A286065B00042F82A /* JWTCryptoSecurity+ExternalRepresentation.m in Sources */ = {isa = PBXBuildFile; fileRef = A2AC0CE4286065B00042F82A /* JWTCryptoSecurity+ExternalRepresentation.m */; };
		A2AC0D2B286065B00042F82A /* JWTCryptoKey.m in Sources */ = {isa = PBXBuildFile; fileRef = A2AC0CE5286065B00042F82A /* JWTCryptoKey.m */; };
		A2AC0D2C286065B00042F82A /* JWTCryptoSecurity.h in Headers */ = {isa = PBXBuildFile; fileRef = A2AC0CE6286065B00042F82A /* JWTCryptoSecurity.h */; settings = {ATTRIBUTES = (Public, ); }; };
		A2AC0D2D286065B00042F82A /* JWTCryptoKeyExtractor.m in Sources */ = {isa = PBXBuildFile; fileRef = A2AC0CE7286065B00042F82A /* JWTCryptoKeyExtractor.m */; };
		A2AC0D2E286065B00042F82A /* JWTCryptoSecurity+Extraction.m in Sources */ = {isa = PBXBuildFile; fileRef = A2AC0CE8286065B00042F82A /* JWTCryptoSecurity+Extraction.m */; };
		A2AC0D2F286065B00042F82A /* JWTCryptoSecurity+ErrorHandling.m in Sources */ = {isa = PBXBuildFile; fileRef = A2AC0CE9286065B00042F82A /* JWTCryptoSecurity+ErrorHandling.m */; };
		A2AC0D30286065B00042F82A /* JWTCryptoKeyExtractor+FluentStyle.m in Sources */ = {isa = PBXBuildFile; fileRef = A2AC0CEA286065B00042F82A /* JWTCryptoKeyExtractor+FluentStyle.m */; };
		A2AC0D31286065B00042F82A /* JWTCryptoSecurity.m in Sources */ = {isa = PBXBuildFile; fileRef = A2AC0CEB286065B00042F82A /* JWTCryptoSecurity.m */; };
		A2AC0D32286065B00042F82A /* JWTCryptoKey.h in Headers */ = {isa = PBXBuildFile; fileRef = A2AC0CEC286065B00042F82A /* JWTCryptoKey.h */; settings = {ATTRIBUTES = (Public, ); }; };
		A2AC0D33286065B00042F82A /* JWTCryptoSecurity+ExternalRepresentation.h in Headers */ = {isa = PBXBuildFile; fileRef = A2AC0CED286065B00042F82A /* JWTCryptoSecurity+ExternalRepresentation.h */; settings = {ATTRIBUTES = (Public, ); }; };
		A2AC0D34286065B00042F82A /* JWTCryptoKeyExtractor.h in Headers */ = {isa = PBXBuildFile; fileRef = A2AC0CEE286065B00042F82A /* JWTCryptoKeyExtractor.h */; settings = {ATTRIBUTES = (Public, ); }; };
		A2AC0D35286065B00042F82A /* JWTAlgorithmESBase.m in Sources */ = {isa = PBXBuildFile; fileRef = A2AC0CF0286065B00042F82A /* JWTAlgorithmESBase.m */; };
		A2AC0D36286065B00042F82A /* JWTAlgorithmAsymmetricBase.h in Headers */ = {isa = PBXBuildFile; fileRef = A2AC0CF1286065B00042F82A /* JWTAlgorithmAsymmetricBase.h */; settings = {ATTRIBUTES = (Public, ); }; };
		A2AC0D37286065B00042F82A /* JWTAlgorithmESBase.h in Headers */ = {isa = PBXBuildFile; fileRef = A2AC0CF2286065B00042F82A /* JWTAlgorithmESBase.h */; settings = {ATTRIBUTES = (Public, ); }; };
		A2AC0D38286065B00042F82A /* JWTAlgorithmAsymmetricBase.m in Sources */ = {isa = PBXBuildFile; fileRef = A2AC0CF3286065B00042F82A /* JWTAlgorithmAsymmetricBase.m */; };
		A2AC0D39286065B00042F82A /* JWTAlgorithmNone.m in Sources */ = {isa = PBXBuildFile; fileRef = A2AC0CF5286065B00042F82A /* JWTAlgorithmNone.m */; };
		A2AC0D3A286065B00042F82A /* JWTAlgorithmErrorDescription.h in Headers */ = {isa = PBXBuildFile; fileRef = A2AC0CF6286065B00042F82A /* JWTAlgorithmErrorDescription.h */; settings = {ATTRIBUTES = (Public, ); }; };
		A2AC0D3B286065B00042F82A /* JWTAlgorithmErrorDescription+Subclass.h in Headers */ = {isa = PBXBuildFile; fileRef = A2AC0CF7286065B00042F82A /* JWTAlgorithmErrorDescription+Subclass.h */; };
		A2AC0D3C286065B00042F82A /* JWTAlgorithmFactory.m in Sources */ = {isa = PBXBuildFile; fileRef = A2AC0CF8286065B00042F82A /* JWTAlgorithmFactory.m */; };
		A2AC0D3D286065B00042F82A /* JWTAlgorithm.h in Headers */ = {isa = PBXBuildFile; fileRef = A2AC0CF9286065B00042F82A /* JWTAlgorithm.h */; settings = {ATTRIBUTES = (Public, ); }; };
		A2AC0D3E286065B00042F82A /* JWTAlgorithmNone.h in Headers */ = {isa = PBXBuildFile; fileRef = A2AC0CFA286065B00042F82A /* JWTAlgorithmNone.h */; settings = {ATTRIBUTES = (Public, ); }; };
		A2AC0D3F286065B00042F82A /* JWTAlgorithmErrorDescription.m in Sources */ = {isa = PBXBuildFile; fileRef = A2AC0CFB286065B00042F82A /* JWTAlgorithmErrorDescription.m */; };
		A2AC0D40286065B00042F82A /* JWTAlgorithmErrorDescription+Subclass.m in Sources */ = {isa = PBXBuildFile; fileRef = A2AC0CFC286065B00042F82A /* JWTAlgorithmErrorDescription+Subclass.m */; };
		A2AC0D41286065B00042F82A /* JWTAlgorithmFactory.h in Headers */ = {isa = PBXBuildFile; fileRef = A2AC0CFD286065B00042F82A /* JWTAlgorithmFactory.h */; settings = {ATTRIBUTES = (Public, ); }; };
		A2AC0D42286065B00042F82A /* JWTDeprecations.h in Headers */ = {isa = PBXBuildFile; fileRef = A2AC0CFF286065B00042F82A /* JWTDeprecations.h */; settings = {ATTRIBUTES = (Public, ); }; };
		A2AC0D43286065B00042F82A /* JWTErrorDescription.h in Headers */ = {isa = PBXBuildFile; fileRef = A2AC0D00286065B00042F82A /* JWTErrorDescription.h */; settings = {ATTRIBUTES = (Public, ); }; };
		A2AC0D44286065B00042F82A /* JWTBase64Coder.m in Sources */ = {isa = PBXBuildFile; fileRef = A2AC0D01286065B00042F82A /* JWTBase64Coder.m */; };
		A2AC0D45286065B00042F82A /* JWTErrorDescription.m in Sources */ = {isa = PBXBuildFile; fileRef = A2AC0D02286065B00042F82A /* JWTErrorDescription.m */; };
		A2AC0D46286065B00042F82A /* JWTBase64Coder.h in Headers */ = {isa = PBXBuildFile; fileRef = A2AC0D03286065B00042F82A /* JWTBase64Coder.h */; settings = {ATTRIBUTES = (Public, ); }; };
		A2AC0D47286065B00042F82A /* JWTCodingBuilder+FluentStyle.m in Sources */ = {isa = PBXBuildFile; fileRef = A2AC0D05286065B00042F82A /* JWTCodingBuilder+FluentStyle.m */; };
		A2AC0D48286065B00042F82A /* JWTCoding+VersionTwo.h in Headers */ = {isa = PBXBuildFile; fileRef = A2AC0D06286065B00042F82A /* JWTCoding+VersionTwo.h */; settings = {ATTRIBUTES = (Public, ); }; };
		A2AC0D49286065B00042F82A /* JWTCoding+VersionThree.h in Headers */ = {isa = PBXBuildFile; fileRef = A2AC0D07286065B00042F82A /* JWTCoding+VersionThree.h */; settings = {ATTRIBUTES = (Public, ); }; };
		A2AC0D4A286065B00042F82A /* JWTCoding+VersionOne.m in Sources */ = {isa = PBXBuildFile; fileRef = A2AC0D08286065B00042F82A /* JWTCoding+VersionOne.m */; };
		A2AC0D4B286065B00042F82A /* JWTCoding+ResultTypes.h in Headers */ = {isa = PBXBuildFile; fileRef = A2AC0D09286065B00042F82A /* JWTCoding+ResultTypes.h */; settings = {ATTRIBUTES = (Public, ); }; };
		A2AC0D4C286065B00042F82A /* JWTCoding.h in Headers */ = {isa = PBXBuildFile; fileRef = A2AC0D0A286065B00042F82A /* JWTCoding.h */; settings = {ATTRIBUTES = (Public, ); }; };
		A2AC0D4D286065B00042F82A /* JWTBuilder+FluentStyle.h in Headers */ = {isa = PBXBuildFile; fileRef = A2AC0D0B286065B00042F82A /* JWTBuilder+FluentStyle.h */; settings = {ATTRIBUTES = (Public, ); }; };
		A2AC0D4E286065B00042F82A /* JWTCoding+VersionTwo.m in Sources */ = {isa = PBXBuildFile; fileRef = A2AC0D0C286065B00042F82A /* JWTCoding+VersionTwo.m */; };
		A2AC0D4F286065B00042F82A /* JWTCodingBuilder+FluentStyle.h in Headers */ = {isa = PBXBuildFile; fileRef = A2AC0D0D286065B00042F82A /* JWTCodingBuilder+FluentStyle.h */; settings = {ATTRIBUTES = (Public, ); }; };
		A2AC0D50286065B00042F82A /* JWTCoding+VersionThree.m in Sources */ = {isa = PBXBuildFile; fileRef = A2AC0D0E286065B00042F82A /* JWTCoding+VersionThree.m */; };
		A2AC0D51286065B00042F82A /* JWTCoding.m in Sources */ = {isa = PBXBuildFile; fileRef = A2AC0D0F286065B00042F82A /* JWTCoding.m */; };
		A2AC0D52286065B00042F82A /* JWTCoding+ResultTypes.m in Sources */ = {isa = PBXBuildFile; fileRef = A2AC0D10286065B00042F82A /* JWTCoding+ResultTypes.m */; };
		A2AC0D53286065B00042F82A /* JWTCoding+VersionOne.h in Headers */ = {isa = PBXBuildFile; fileRef = A2AC0D11286065B00042F82A /* JWTCoding+VersionOne.h */; settings = {ATTRIBUTES = (Public, ); }; };
		A2AC0D54286065B00042F82A /* JWTBuilder+FluentStyle.m in Sources */ = {isa = PBXBuildFile; fileRef = A2AC0D12286065B00042F82A /* JWTBuilder+FluentStyle.m */; };
/* End PBXBuildFile section */

/* Begin PBXCopyFilesBuildPhase section */
		045146661D5E2A78007B1D7A /* CopyFiles */ = {
			isa = PBXCopyFilesBuildPhase;
			buildActionMask = 2147483647;
			dstPath = "include/$(PRODUCT_NAME)";
			dstSubfolderSpec = 16;
			files = (
			);
			runOnlyForDeploymentPostprocessing = 0;
		};
/* End PBXCopyFilesBuildPhase section */

/* Begin PBXFileReference section */
		045146681D5E2A78007B1D7A /* libJWT.a */ = {isa = PBXFileReference; explicitFileType = archive.ar; includeInIndex = 0; path = libJWT.a; sourceTree = BUILT_PRODUCTS_DIR; };
		04DEBCA31DBCDB8600C1DF52 /* JWT.framework */ = {isa = PBXFileReference; explicitFileType = wrapper.framework; includeInIndex = 0; path = JWT.framework; sourceTree = BUILT_PRODUCTS_DIR; };
		A1951DB91758990700AF73D9 /* Foundation.framework */ = {isa = PBXFileReference; lastKnownFileType = wrapper.framework; name = Foundation.framework; path = System/Library/Frameworks/Foundation.framework; sourceTree = SDKROOT; };
		A1951DCA1758990700AF73D9 /* UIKit.framework */ = {isa = PBXFileReference; lastKnownFileType = wrapper.framework; name = UIKit.framework; path = Library/Frameworks/UIKit.framework; sourceTree = DEVELOPER_DIR; };
		A2AC0CB4286065770042F82A /* MF_Base64Additions.h */ = {isa = PBXFileReference; fileEncoding = 4; lastKnownFileType = sourcecode.c.h; path = MF_Base64Additions.h; sourceTree = "<group>"; };
		A2AC0CB7286065770042F82A /* MF_Base64Additions.m */ = {isa = PBXFileReference; fileEncoding = 4; lastKnownFileType = sourcecode.c.objc; path = MF_Base64Additions.m; sourceTree = "<group>"; };
		A2AC0CC6286065B00042F82A /* JWTClaimsSetVerifier.h */ = {isa = PBXFileReference; fileEncoding = 4; lastKnownFileType = sourcecode.c.h; path = JWTClaimsSetVerifier.h; sourceTree = "<group>"; };
		A2AC0CC7286065B00042F82A /* JWTClaimsSetSerializer.h */ = {isa = PBXFileReference; fileEncoding = 4; lastKnownFileType = sourcecode.c.h; path = JWTClaimsSetSerializer.h; sourceTree = "<group>"; };
		A2AC0CC8286065B00042F82A /* JWTClaimsSet.m */ = {isa = PBXFileReference; fileEncoding = 4; lastKnownFileType = sourcecode.c.objc; path = JWTClaimsSet.m; sourceTree = "<group>"; };
		A2AC0CC9286065B00042F82A /* JWTClaim.m */ = {isa = PBXFileReference; fileEncoding = 4; lastKnownFileType = sourcecode.c.objc; path = JWTClaim.m; sourceTree = "<group>"; };
		A2AC0CCA286065B00042F82A /* JWTClaimsSetVerifier.m */ = {isa = PBXFileReference; fileEncoding = 4; lastKnownFileType = sourcecode.c.objc; path = JWTClaimsSetVerifier.m; sourceTree = "<group>"; };
		A2AC0CCB286065B00042F82A /* JWTClaim.h */ = {isa = PBXFileReference; fileEncoding = 4; lastKnownFileType = sourcecode.c.h; path = JWTClaim.h; sourceTree = "<group>"; };
		A2AC0CCC286065B00042F82A /* JWTClaimsSet.h */ = {isa = PBXFileReference; fileEncoding = 4; lastKnownFileType = sourcecode.c.h; path = JWTClaimsSet.h; sourceTree = "<group>"; };
		A2AC0CCD286065B00042F82A /* JWTClaimsSetSerializer.m */ = {isa = PBXFileReference; fileEncoding = 4; lastKnownFileType = sourcecode.c.objc; path = JWTClaimsSetSerializer.m; sourceTree = "<group>"; };
		A2AC0CCF286065B00042F82A /* Map.modulemap */ = {isa = PBXFileReference; fileEncoding = 4; lastKnownFileType = "sourcecode.module-map"; path = Map.modulemap; sourceTree = "<group>"; };
		A2AC0CD0286065B00042F82A /* JWT.h */ = {isa = PBXFileReference; fileEncoding = 4; lastKnownFileType = sourcecode.c.h; path = JWT.h; sourceTree = "<group>"; };
		A2AC0CD3286065B00042F82A /* JWTAlgorithmDataHolderChain.h */ = {isa = PBXFileReference; fileEncoding = 4; lastKnownFileType = sourcecode.c.h; path = JWTAlgorithmDataHolderChain.h; sourceTree = "<group>"; };
		A2AC0CD4286065B00042F82A /* JWTAlgorithmDataHolder+FluentStyle.m */ = {isa = PBXFileReference; fileEncoding = 4; lastKnownFileType = sourcecode.c.objc; path = "JWTAlgorithmDataHolder+FluentStyle.m"; sourceTree = "<group>"; };
		A2AC0CD5286065B00042F82A /* JWTAlgorithmDataHolder.h */ = {isa = PBXFileReference; fileEncoding = 4; lastKnownFileType = sourcecode.c.h; path = JWTAlgorithmDataHolder.h; sourceTree = "<group>"; };
		A2AC0CD6286065B00042F82A /* JWTAlgorithmDataHolderChain.m */ = {isa = PBXFileReference; fileEncoding = 4; lastKnownFileType = sourcecode.c.objc; path = JWTAlgorithmDataHolderChain.m; sourceTree = "<group>"; };
		A2AC0CD7286065B00042F82A /* JWTAlgorithmDataHolder+FluentStyle.h */ = {isa = PBXFileReference; fileEncoding = 4; lastKnownFileType = sourcecode.c.h; path = "JWTAlgorithmDataHolder+FluentStyle.h"; sourceTree = "<group>"; };
		A2AC0CD8286065B00042F82A /* JWTAlgorithmDataHolder.m */ = {isa = PBXFileReference; fileEncoding = 4; lastKnownFileType = sourcecode.c.objc; path = JWTAlgorithmDataHolder.m; sourceTree = "<group>"; };
		A2AC0CDA286065B00042F82A /* JWTAlgorithmHSBase.h */ = {isa = PBXFileReference; fileEncoding = 4; lastKnownFileType = sourcecode.c.h; path = JWTAlgorithmHSBase.h; sourceTree = "<group>"; };
		A2AC0CDB286065B00042F82A /* JWTAlgorithmHSBase.m */ = {isa = PBXFileReference; fileEncoding = 4; lastKnownFileType = sourcecode.c.objc; path = JWTAlgorithmHSBase.m; sourceTree = "<group>"; };
		A2AC0CDD286065B00042F82A /* JWTAlgorithmRSBase.h */ = {isa = PBXFileReference; fileEncoding = 4; lastKnownFileType = sourcecode.c.h; path = JWTAlgorithmRSBase.h; sourceTree = "<group>"; };
		A2AC0CDE286065B00042F82A /* JWTRSAlgorithm.h */ = {isa = PBXFileReference; fileEncoding = 4; lastKnownFileType = sourcecode.c.h; path = JWTRSAlgorithm.h; sourceTree = "<group>"; };
		A2AC0CDF286065B00042F82A /* JWTAlgorithmRSBase.m */ = {isa = PBXFileReference; fileEncoding = 4; lastKnownFileType = sourcecode.c.objc; path = JWTAlgorithmRSBase.m; sourceTree = "<group>"; };
		A2AC0CE1286065B00042F82A /* JWTCryptoSecurity+Extraction.h */ = {isa = PBXFileReference; fileEncoding = 4; lastKnownFileType = sourcecode.c.h; path = "JWTCryptoSecurity+Extraction.h"; sourceTree = "<group>"; };
		A2AC0CE2286065B00042F82A /* JWTCryptoKeyExtractor+FluentStyle.h */ = {isa = PBXFileReference; fileEncoding = 4; lastKnownFileType = sourcecode.c.h; path = "JWTCryptoKeyExtractor+FluentStyle.h"; sourceTree = "<group>"; };
		A2AC0CE3286065B00042F82A /* JWTCryptoSecurity+ErrorHandling.h */ = {isa = PBXFileReference; fileEncoding = 4; lastKnownFileType = sourcecode.c.h; path = "JWTCryptoSecurity+ErrorHandling.h"; sourceTree = "<group>"; };
		A2AC0CE4286065B00042F82A /* JWTCryptoSecurity+ExternalRepresentation.m */ = {isa = PBXFileReference; fileEncoding = 4; lastKnownFileType = sourcecode.c.objc; path = "JWTCryptoSecurity+ExternalRepresentation.m"; sourceTree = "<group>"; };
		A2AC0CE5286065B00042F82A /* JWTCryptoKey.m */ = {isa = PBXFileReference; fileEncoding = 4; lastKnownFileType = sourcecode.c.objc; path = JWTCryptoKey.m; sourceTree = "<group>"; };
		A2AC0CE6286065B00042F82A /* JWTCryptoSecurity.h */ = {isa = PBXFileReference; fileEncoding = 4; lastKnownFileType = sourcecode.c.h; path = JWTCryptoSecurity.h; sourceTree = "<group>"; };
		A2AC0CE7286065B00042F82A /* JWTCryptoKeyExtractor.m */ = {isa = PBXFileReference; fileEncoding = 4; lastKnownFileType = sourcecode.c.objc; path = JWTCryptoKeyExtractor.m; sourceTree = "<group>"; };
		A2AC0CE8286065B00042F82A /* JWTCryptoSecurity+Extraction.m */ = {isa = PBXFileReference; fileEncoding = 4; lastKnownFileType = sourcecode.c.objc; path = "JWTCryptoSecurity+Extraction.m"; sourceTree = "<group>"; };
		A2AC0CE9286065B00042F82A /* JWTCryptoSecurity+ErrorHandling.m */ = {isa = PBXFileReference; fileEncoding = 4; lastKnownFileType = sourcecode.c.objc; path = "JWTCryptoSecurity+ErrorHandling.m"; sourceTree = "<group>"; };
		A2AC0CEA286065B00042F82A /* JWTCryptoKeyExtractor+FluentStyle.m */ = {isa = PBXFileReference; fileEncoding = 4; lastKnownFileType = sourcecode.c.objc; path = "JWTCryptoKeyExtractor+FluentStyle.m"; sourceTree = "<group>"; };
		A2AC0CEB286065B00042F82A /* JWTCryptoSecurity.m */ = {isa = PBXFileReference; fileEncoding = 4; lastKnownFileType = sourcecode.c.objc; path = JWTCryptoSecurity.m; sourceTree = "<group>"; };
		A2AC0CEC286065B00042F82A /* JWTCryptoKey.h */ = {isa = PBXFileReference; fileEncoding = 4; lastKnownFileType = sourcecode.c.h; path = JWTCryptoKey.h; sourceTree = "<group>"; };
		A2AC0CED286065B00042F82A /* JWTCryptoSecurity+ExternalRepresentation.h */ = {isa = PBXFileReference; fileEncoding = 4; lastKnownFileType = sourcecode.c.h; path = "JWTCryptoSecurity+ExternalRepresentation.h"; sourceTree = "<group>"; };
		A2AC0CEE286065B00042F82A /* JWTCryptoKeyExtractor.h */ = {isa = PBXFileReference; fileEncoding = 4; lastKnownFileType = sourcecode.c.h; path = JWTCryptoKeyExtractor.h; sourceTree = "<group>"; };
		A2AC0CF0286065B00042F82A /* JWTAlgorithmESBase.m */ = {isa = PBXFileReference; fileEncoding = 4; lastKnownFileType = sourcecode.c.objc; path = JWTAlgorithmESBase.m; sourceTree = "<group>"; };
		A2AC0CF1286065B00042F82A /* JWTAlgorithmAsymmetricBase.h */ = {isa = PBXFileReference; fileEncoding = 4; lastKnownFileType = sourcecode.c.h; path = JWTAlgorithmAsymmetricBase.h; sourceTree = "<group>"; };
		A2AC0CF2286065B00042F82A /* JWTAlgorithmESBase.h */ = {isa = PBXFileReference; fileEncoding = 4; lastKnownFileType = sourcecode.c.h; path = JWTAlgorithmESBase.h; sourceTree = "<group>"; };
		A2AC0CF3286065B00042F82A /* JWTAlgorithmAsymmetricBase.m */ = {isa = PBXFileReference; fileEncoding = 4; lastKnownFileType = sourcecode.c.objc; path = JWTAlgorithmAsymmetricBase.m; sourceTree = "<group>"; };
		A2AC0CF5286065B00042F82A /* JWTAlgorithmNone.m */ = {isa = PBXFileReference; fileEncoding = 4; lastKnownFileType = sourcecode.c.objc; path = JWTAlgorithmNone.m; sourceTree = "<group>"; };
		A2AC0CF6286065B00042F82A /* JWTAlgorithmErrorDescription.h */ = {isa = PBXFileReference; fileEncoding = 4; lastKnownFileType = sourcecode.c.h; path = JWTAlgorithmErrorDescription.h; sourceTree = "<group>"; };
		A2AC0CF7286065B00042F82A /* JWTAlgorithmErrorDescription+Subclass.h */ = {isa = PBXFileReference; fileEncoding = 4; lastKnownFileType = sourcecode.c.h; path = "JWTAlgorithmErrorDescription+Subclass.h"; sourceTree = "<group>"; };
		A2AC0CF8286065B00042F82A /* JWTAlgorithmFactory.m */ = {isa = PBXFileReference; fileEncoding = 4; lastKnownFileType = sourcecode.c.objc; path = JWTAlgorithmFactory.m; sourceTree = "<group>"; };
		A2AC0CF9286065B00042F82A /* JWTAlgorithm.h */ = {isa = PBXFileReference; fileEncoding = 4; lastKnownFileType = sourcecode.c.h; path = JWTAlgorithm.h; sourceTree = "<group>"; };
		A2AC0CFA286065B00042F82A /* JWTAlgorithmNone.h */ = {isa = PBXFileReference; fileEncoding = 4; lastKnownFileType = sourcecode.c.h; path = JWTAlgorithmNone.h; sourceTree = "<group>"; };
		A2AC0CFB286065B00042F82A /* JWTAlgorithmErrorDescription.m */ = {isa = PBXFileReference; fileEncoding = 4; lastKnownFileType = sourcecode.c.objc; path = JWTAlgorithmErrorDescription.m; sourceTree = "<group>"; };
		A2AC0CFC286065B00042F82A /* JWTAlgorithmErrorDescription+Subclass.m */ = {isa = PBXFileReference; fileEncoding = 4; lastKnownFileType = sourcecode.c.objc; path = "JWTAlgorithmErrorDescription+Subclass.m"; sourceTree = "<group>"; };
		A2AC0CFD286065B00042F82A /* JWTAlgorithmFactory.h */ = {isa = PBXFileReference; fileEncoding = 4; lastKnownFileType = sourcecode.c.h; path = JWTAlgorithmFactory.h; sourceTree = "<group>"; };
		A2AC0CFF286065B00042F82A /* JWTDeprecations.h */ = {isa = PBXFileReference; fileEncoding = 4; lastKnownFileType = sourcecode.c.h; path = JWTDeprecations.h; sourceTree = "<group>"; };
		A2AC0D00286065B00042F82A /* JWTErrorDescription.h */ = {isa = PBXFileReference; fileEncoding = 4; lastKnownFileType = sourcecode.c.h; path = JWTErrorDescription.h; sourceTree = "<group>"; };
		A2AC0D01286065B00042F82A /* JWTBase64Coder.m */ = {isa = PBXFileReference; fileEncoding = 4; lastKnownFileType = sourcecode.c.objc; path = JWTBase64Coder.m; sourceTree = "<group>"; };
		A2AC0D02286065B00042F82A /* JWTErrorDescription.m */ = {isa = PBXFileReference; fileEncoding = 4; lastKnownFileType = sourcecode.c.objc; path = JWTErrorDescription.m; sourceTree = "<group>"; };
		A2AC0D03286065B00042F82A /* JWTBase64Coder.h */ = {isa = PBXFileReference; fileEncoding = 4; lastKnownFileType = sourcecode.c.h; path = JWTBase64Coder.h; sourceTree = "<group>"; };
		A2AC0D05286065B00042F82A /* JWTCodingBuilder+FluentStyle.m */ = {isa = PBXFileReference; fileEncoding = 4; lastKnownFileType = sourcecode.c.objc; path = "JWTCodingBuilder+FluentStyle.m"; sourceTree = "<group>"; };
		A2AC0D06286065B00042F82A /* JWTCoding+VersionTwo.h */ = {isa = PBXFileReference; fileEncoding = 4; lastKnownFileType = sourcecode.c.h; path = "JWTCoding+VersionTwo.h"; sourceTree = "<group>"; };
		A2AC0D07286065B00042F82A /* JWTCoding+VersionThree.h */ = {isa = PBXFileReference; fileEncoding = 4; lastKnownFileType = sourcecode.c.h; path = "JWTCoding+VersionThree.h"; sourceTree = "<group>"; };
		A2AC0D08286065B00042F82A /* JWTCoding+VersionOne.m */ = {isa = PBXFileReference; fileEncoding = 4; lastKnownFileType = sourcecode.c.objc; path = "JWTCoding+VersionOne.m"; sourceTree = "<group>"; };
		A2AC0D09286065B00042F82A /* JWTCoding+ResultTypes.h */ = {isa = PBXFileReference; fileEncoding = 4; lastKnownFileType = sourcecode.c.h; path = "JWTCoding+ResultTypes.h"; sourceTree = "<group>"; };
		A2AC0D0A286065B00042F82A /* JWTCoding.h */ = {isa = PBXFileReference; fileEncoding = 4; lastKnownFileType = sourcecode.c.h; path = JWTCoding.h; sourceTree = "<group>"; };
		A2AC0D0B286065B00042F82A /* JWTBuilder+FluentStyle.h */ = {isa = PBXFileReference; fileEncoding = 4; lastKnownFileType = sourcecode.c.h; path = "JWTBuilder+FluentStyle.h"; sourceTree = "<group>"; };
		A2AC0D0C286065B00042F82A /* JWTCoding+VersionTwo.m */ = {isa = PBXFileReference; fileEncoding = 4; lastKnownFileType = sourcecode.c.objc; path = "JWTCoding+VersionTwo.m"; sourceTree = "<group>"; };
		A2AC0D0D286065B00042F82A /* JWTCodingBuilder+FluentStyle.h */ = {isa = PBXFileReference; fileEncoding = 4; lastKnownFileType = sourcecode.c.h; path = "JWTCodingBuilder+FluentStyle.h"; sourceTree = "<group>"; };
		A2AC0D0E286065B00042F82A /* JWTCoding+VersionThree.m */ = {isa = PBXFileReference; fileEncoding = 4; lastKnownFileType = sourcecode.c.objc; path = "JWTCoding+VersionThree.m"; sourceTree = "<group>"; };
		A2AC0D0F286065B00042F82A /* JWTCoding.m */ = {isa = PBXFileReference; fileEncoding = 4; lastKnownFileType = sourcecode.c.objc; path = JWTCoding.m; sourceTree = "<group>"; };
		A2AC0D10286065B00042F82A /* JWTCoding+ResultTypes.m */ = {isa = PBXFileReference; fileEncoding = 4; lastKnownFileType = sourcecode.c.objc; path = "JWTCoding+ResultTypes.m"; sourceTree = "<group>"; };
		A2AC0D11286065B00042F82A /* JWTCoding+VersionOne.h */ = {isa = PBXFileReference; fileEncoding = 4; lastKnownFileType = sourcecode.c.h; path = "JWTCoding+VersionOne.h"; sourceTree = "<group>"; };
		A2AC0D12286065B00042F82A /* JWTBuilder+FluentStyle.m */ = {isa = PBXFileReference; fileEncoding = 4; lastKnownFileType = sourcecode.c.objc; path = "JWTBuilder+FluentStyle.m"; sourceTree = "<group>"; };
		A2AC0D56286066460042F82A /* Core.default.xcconfig */ = {isa = PBXFileReference; fileEncoding = 4; lastKnownFileType = text.xcconfig; path = Core.default.xcconfig; sourceTree = "<group>"; };
		A2AC0D57286066460042F82A /* Info.plist */ = {isa = PBXFileReference; fileEncoding = 4; lastKnownFileType = text.plist.xml; path = Info.plist; sourceTree = "<group>"; };
/* End PBXFileReference section */

/* Begin PBXFrameworksBuildPhase section */
		045146651D5E2A78007B1D7A /* Frameworks */ = {
			isa = PBXFrameworksBuildPhase;
			buildActionMask = 2147483647;
			files = (
			);
			runOnlyForDeploymentPostprocessing = 0;
		};
		04DEBC9F1DBCDB8600C1DF52 /* Frameworks */ = {
			isa = PBXFrameworksBuildPhase;
			buildActionMask = 2147483647;
			files = (
			);
			runOnlyForDeploymentPostprocessing = 0;
		};
/* End PBXFrameworksBuildPhase section */

/* Begin PBXGroup section */
		A1951DAD1758990700AF73D9 = {
			isa = PBXGroup;
			children = (
				A2AC0D55286066460042F82A /* Supplement */,
				A2AC0CC4286065B00042F82A /* Core */,
				A2AC0CAC286065770042F82A /* Base64 */,
				A1951DB81758990700AF73D9 /* Frameworks */,
				A1951DB71758990700AF73D9 /* Products */,
			);
			sourceTree = "<group>";
		};
		A1951DB71758990700AF73D9 /* Products */ = {
			isa = PBXGroup;
			children = (
				045146681D5E2A78007B1D7A /* libJWT.a */,
				04DEBCA31DBCDB8600C1DF52 /* JWT.framework */,
			);
			name = Products;
			sourceTree = "<group>";
		};
		A1951DB81758990700AF73D9 /* Frameworks */ = {
			isa = PBXGroup;
			children = (
				A1951DB91758990700AF73D9 /* Foundation.framework */,
				A1951DCA1758990700AF73D9 /* UIKit.framework */,
			);
			name = Frameworks;
			sourceTree = "<group>";
		};
		A2AC0CAC286065770042F82A /* Base64 */ = {
			isa = PBXGroup;
			children = (
				A2AC0CB4286065770042F82A /* MF_Base64Additions.h */,
				A2AC0CB7286065770042F82A /* MF_Base64Additions.m */,
			);
			name = Base64;
			path = ../../Dependencies/Base64/Base64;
			sourceTree = "<group>";
		};
		A2AC0CC4286065B00042F82A /* Core */ = {
			isa = PBXGroup;
			children = (
				A2AC0CC5286065B00042F82A /* ClaimSet */,
				A2AC0CCE286065B00042F82A /* FrameworkSupplement */,
				A2AC0CD1286065B00042F82A /* Algorithms */,
				A2AC0CFE286065B00042F82A /* Supplement */,
				A2AC0D04286065B00042F82A /* Coding */,
			);
			name = Core;
			path = ../../Core;
			sourceTree = "<group>";
		};
		A2AC0CC5286065B00042F82A /* ClaimSet */ = {
			isa = PBXGroup;
			children = (
				A2AC0CC6286065B00042F82A /* JWTClaimsSetVerifier.h */,
				A2AC0CC7286065B00042F82A /* JWTClaimsSetSerializer.h */,
				A2AC0CC8286065B00042F82A /* JWTClaimsSet.m */,
				A2AC0CC9286065B00042F82A /* JWTClaim.m */,
				A2AC0CCA286065B00042F82A /* JWTClaimsSetVerifier.m */,
				A2AC0CCB286065B00042F82A /* JWTClaim.h */,
				A2AC0CCC286065B00042F82A /* JWTClaimsSet.h */,
				A2AC0CCD286065B00042F82A /* JWTClaimsSetSerializer.m */,
			);
			path = ClaimSet;
			sourceTree = "<group>";
		};
		A2AC0CCE286065B00042F82A /* FrameworkSupplement */ = {
			isa = PBXGroup;
			children = (
				A2AC0CCF286065B00042F82A /* Map.modulemap */,
				A2AC0CD0286065B00042F82A /* JWT.h */,
			);
			path = FrameworkSupplement;
			sourceTree = "<group>";
		};
		A2AC0CD1286065B00042F82A /* Algorithms */ = {
			isa = PBXGroup;
			children = (
				A2AC0CD2286065B00042F82A /* Holders */,
				A2AC0CD9286065B00042F82A /* HSFamily */,
				A2AC0CDC286065B00042F82A /* RSFamily */,
				A2AC0CEF286065B00042F82A /* ESFamily */,
				A2AC0CF4286065B00042F82A /* Base */,
			);
			path = Algorithms;
			sourceTree = "<group>";
		};
		A2AC0CD2286065B00042F82A /* Holders */ = {
			isa = PBXGroup;
			children = (
				A2AC0CD3286065B00042F82A /* JWTAlgorithmDataHolderChain.h */,
				A2AC0CD4286065B00042F82A /* JWTAlgorithmDataHolder+FluentStyle.m */,
				A2AC0CD5286065B00042F82A /* JWTAlgorithmDataHolder.h */,
				A2AC0CD6286065B00042F82A /* JWTAlgorithmDataHolderChain.m */,
				A2AC0CD7286065B00042F82A /* JWTAlgorithmDataHolder+FluentStyle.h */,
				A2AC0CD8286065B00042F82A /* JWTAlgorithmDataHolder.m */,
			);
			path = Holders;
			sourceTree = "<group>";
		};
		A2AC0CD9286065B00042F82A /* HSFamily */ = {
			isa = PBXGroup;
			children = (
				A2AC0CDA286065B00042F82A /* JWTAlgorithmHSBase.h */,
				A2AC0CDB286065B00042F82A /* JWTAlgorithmHSBase.m */,
			);
			path = HSFamily;
			sourceTree = "<group>";
		};
		A2AC0CDC286065B00042F82A /* RSFamily */ = {
			isa = PBXGroup;
			children = (
				A2AC0CDD286065B00042F82A /* JWTAlgorithmRSBase.h */,
				A2AC0CDE286065B00042F82A /* JWTRSAlgorithm.h */,
				A2AC0CDF286065B00042F82A /* JWTAlgorithmRSBase.m */,
				A2AC0CE0286065B00042F82A /* RSKeys */,
			);
			path = RSFamily;
			sourceTree = "<group>";
		};
		A2AC0CE0286065B00042F82A /* RSKeys */ = {
			isa = PBXGroup;
			children = (
				A2AC0CE1286065B00042F82A /* JWTCryptoSecurity+Extraction.h */,
				A2AC0CE2286065B00042F82A /* JWTCryptoKeyExtractor+FluentStyle.h */,
				A2AC0CE3286065B00042F82A /* JWTCryptoSecurity+ErrorHandling.h */,
				A2AC0CE4286065B00042F82A /* JWTCryptoSecurity+ExternalRepresentation.m */,
				A2AC0CE5286065B00042F82A /* JWTCryptoKey.m */,
				A2AC0CE6286065B00042F82A /* JWTCryptoSecurity.h */,
				A2AC0CE7286065B00042F82A /* JWTCryptoKeyExtractor.m */,
				A2AC0CE8286065B00042F82A /* JWTCryptoSecurity+Extraction.m */,
				A2AC0CE9286065B00042F82A /* JWTCryptoSecurity+ErrorHandling.m */,
				A2AC0CEA286065B00042F82A /* JWTCryptoKeyExtractor+FluentStyle.m */,
				A2AC0CEB286065B00042F82A /* JWTCryptoSecurity.m */,
				A2AC0CEC286065B00042F82A /* JWTCryptoKey.h */,
				A2AC0CED286065B00042F82A /* JWTCryptoSecurity+ExternalRepresentation.h */,
				A2AC0CEE286065B00042F82A /* JWTCryptoKeyExtractor.h */,
			);
			path = RSKeys;
			sourceTree = "<group>";
		};
		A2AC0CEF286065B00042F82A /* ESFamily */ = {
			isa = PBXGroup;
			children = (
				A2AC0CF0286065B00042F82A /* JWTAlgorithmESBase.m */,
				A2AC0CF1286065B00042F82A /* JWTAlgorithmAsymmetricBase.h */,
				A2AC0CF2286065B00042F82A /* JWTAlgorithmESBase.h */,
				A2AC0CF3286065B00042F82A /* JWTAlgorithmAsymmetricBase.m */,
			);
			path = ESFamily;
			sourceTree = "<group>";
		};
		A2AC0CF4286065B00042F82A /* Base */ = {
			isa = PBXGroup;
			children = (
				A2AC0CF5286065B00042F82A /* JWTAlgorithmNone.m */,
				A2AC0CF6286065B00042F82A /* JWTAlgorithmErrorDescription.h */,
				A2AC0CF7286065B00042F82A /* JWTAlgorithmErrorDescription+Subclass.h */,
				A2AC0CF8286065B00042F82A /* JWTAlgorithmFactory.m */,
				A2AC0CF9286065B00042F82A /* JWTAlgorithm.h */,
				A2AC0CFA286065B00042F82A /* JWTAlgorithmNone.h */,
				A2AC0CFB286065B00042F82A /* JWTAlgorithmErrorDescription.m */,
				A2AC0CFC286065B00042F82A /* JWTAlgorithmErrorDescription+Subclass.m */,
				A2AC0CFD286065B00042F82A /* JWTAlgorithmFactory.h */,
			);
			path = Base;
			sourceTree = "<group>";
		};
		A2AC0CFE286065B00042F82A /* Supplement */ = {
			isa = PBXGroup;
			children = (
				A2AC0CFF286065B00042F82A /* JWTDeprecations.h */,
				A2AC0D00286065B00042F82A /* JWTErrorDescription.h */,
				A2AC0D01286065B00042F82A /* JWTBase64Coder.m */,
				A2AC0D02286065B00042F82A /* JWTErrorDescription.m */,
				A2AC0D03286065B00042F82A /* JWTBase64Coder.h */,
			);
			path = Supplement;
			sourceTree = "<group>";
		};
		A2AC0D04286065B00042F82A /* Coding */ = {
			isa = PBXGroup;
			children = (
				A2AC0D05286065B00042F82A /* JWTCodingBuilder+FluentStyle.m */,
				A2AC0D06286065B00042F82A /* JWTCoding+VersionTwo.h */,
				A2AC0D07286065B00042F82A /* JWTCoding+VersionThree.h */,
				A2AC0D08286065B00042F82A /* JWTCoding+VersionOne.m */,
				A2AC0D09286065B00042F82A /* JWTCoding+ResultTypes.h */,
				A2AC0D0A286065B00042F82A /* JWTCoding.h */,
				A2AC0D0B286065B00042F82A /* JWTBuilder+FluentStyle.h */,
				A2AC0D0C286065B00042F82A /* JWTCoding+VersionTwo.m */,
				A2AC0D0D286065B00042F82A /* JWTCodingBuilder+FluentStyle.h */,
				A2AC0D0E286065B00042F82A /* JWTCoding+VersionThree.m */,
				A2AC0D0F286065B00042F82A /* JWTCoding.m */,
				A2AC0D10286065B00042F82A /* JWTCoding+ResultTypes.m */,
				A2AC0D11286065B00042F82A /* JWTCoding+VersionOne.h */,
				A2AC0D12286065B00042F82A /* JWTBuilder+FluentStyle.m */,
			);
			path = Coding;
			sourceTree = "<group>";
		};
		A2AC0D55286066460042F82A /* Supplement */ = {
			isa = PBXGroup;
			children = (
				A2AC0D56286066460042F82A /* Core.default.xcconfig */,
				A2AC0D57286066460042F82A /* Info.plist */,
			);
			name = Supplement;
			path = ../Supplement;
			sourceTree = "<group>";
		};
/* End PBXGroup section */

/* Begin PBXHeadersBuildPhase section */
		04DEBCA01DBCDB8600C1DF52 /* Headers */ = {
			isa = PBXHeadersBuildPhase;
			buildActionMask = 2147483647;
			files = (
				A2AC0D3D286065B00042F82A /* JWTAlgorithm.h in Headers */,
				A2AC0D22286065B00042F82A /* JWTAlgorithmHSBase.h in Headers */,
				A2AC0D43286065B00042F82A /* JWTErrorDescription.h in Headers */,
				A2AC0D1B286065B00042F82A /* JWT.h in Headers */,
				A2AC0D29286065B00042F82A /* JWTCryptoSecurity+ErrorHandling.h in Headers */,
				A2AC0D34286065B00042F82A /* JWTCryptoKeyExtractor.h in Headers */,
				A2AC0D28286065B00042F82A /* JWTCryptoKeyExtractor+FluentStyle.h in Headers */,
				A2AC0D42286065B00042F82A /* JWTDeprecations.h in Headers */,
				A2AC0D14286065B00042F82A /* JWTClaimsSetSerializer.h in Headers */,
				A2AC0D27286065B00042F82A /* JWTCryptoSecurity+Extraction.h in Headers */,
				A2AC0D48286065B00042F82A /* JWTCoding+VersionTwo.h in Headers */,
				A2AC0D4F286065B00042F82A /* JWTCodingBuilder+FluentStyle.h in Headers */,
				A2AC0D37286065B00042F82A /* JWTAlgorithmESBase.h in Headers */,
				A2AC0D32286065B00042F82A /* JWTCryptoKey.h in Headers */,
				A2AC0D3E286065B00042F82A /* JWTAlgorithmNone.h in Headers */,
				A2AC0D53286065B00042F82A /* JWTCoding+VersionOne.h in Headers */,
				A2AC0D25286065B00042F82A /* JWTRSAlgorithm.h in Headers */,
				A2AC0D41286065B00042F82A /* JWTAlgorithmFactory.h in Headers */,
				A2AC0D2C286065B00042F82A /* JWTCryptoSecurity.h in Headers */,
				A2AC0D33286065B00042F82A /* JWTCryptoSecurity+ExternalRepresentation.h in Headers */,
				A2AC0D36286065B00042F82A /* JWTAlgorithmAsymmetricBase.h in Headers */,
				A2AC0D20286065B00042F82A /* JWTAlgorithmDataHolder+FluentStyle.h in Headers */,
				A2AC0D4C286065B00042F82A /* JWTCoding.h in Headers */,
				A2AC0D4B286065B00042F82A /* JWTCoding+ResultTypes.h in Headers */,
				A2AC0D1E286065B00042F82A /* JWTAlgorithmDataHolder.h in Headers */,
				A2AC0D19286065B00042F82A /* JWTClaimsSet.h in Headers */,
				A2AC0D3A286065B00042F82A /* JWTAlgorithmErrorDescription.h in Headers */,
				A2AC0D4D286065B00042F82A /* JWTBuilder+FluentStyle.h in Headers */,
				A2AC0D13286065B00042F82A /* JWTClaimsSetVerifier.h in Headers */,
				A2AC0D1C286065B00042F82A /* JWTAlgorithmDataHolderChain.h in Headers */,
				A2AC0D46286065B00042F82A /* JWTBase64Coder.h in Headers */,
				A2AC0D49286065B00042F82A /* JWTCoding+VersionThree.h in Headers */,
				A2AC0D24286065B00042F82A /* JWTAlgorithmRSBase.h in Headers */,
				A2AC0D18286065B00042F82A /* JWTClaim.h in Headers */,
				A2AC0CBE286065780042F82A /* MF_Base64Additions.h in Headers */,
				A2AC0D3B286065B00042F82A /* JWTAlgorithmErrorDescription+Subclass.h in Headers */,
			);
			runOnlyForDeploymentPostprocessing = 0;
		};
/* End PBXHeadersBuildPhase section */

/* Begin PBXNativeTarget section */
		045146671D5E2A78007B1D7A /* JWT-iOS-Static */ = {
			isa = PBXNativeTarget;
			buildConfigurationList = 0451466E1D5E2A78007B1D7A /* Build configuration list for PBXNativeTarget "JWT-iOS-Static" */;
			buildPhases = (
				045146641D5E2A78007B1D7A /* Sources */,
				045146651D5E2A78007B1D7A /* Frameworks */,
				045146661D5E2A78007B1D7A /* CopyFiles */,
			);
			buildRules = (
			);
			dependencies = (
			);
			name = "JWT-iOS-Static";
			productName = JWT_iOS_Static;
			productReference = 045146681D5E2A78007B1D7A /* libJWT.a */;
			productType = "com.apple.product-type.library.static";
		};
		04DEBCA21DBCDB8600C1DF52 /* JWT */ = {
			isa = PBXNativeTarget;
			buildConfigurationList = 04DEBCAA1DBCDB8700C1DF52 /* Build configuration list for PBXNativeTarget "JWT" */;
			buildPhases = (
				04DEBC9E1DBCDB8600C1DF52 /* Sources */,
				04DEBC9F1DBCDB8600C1DF52 /* Frameworks */,
				04DEBCA01DBCDB8600C1DF52 /* Headers */,
				04DEBCA11DBCDB8600C1DF52 /* Resources */,
			);
			buildRules = (
			);
			dependencies = (
			);
			name = JWT;
			productName = JWT;
			productReference = 04DEBCA31DBCDB8600C1DF52 /* JWT.framework */;
			productType = "com.apple.product-type.framework";
		};
/* End PBXNativeTarget section */

/* Begin PBXProject section */
		A1951DAE1758990700AF73D9 /* Project object */ = {
			isa = PBXProject;
			attributes = {
				LastTestingUpgradeCheck = 0610;
				LastUpgradeCheck = 1110;
				ORGANIZATIONNAME = JWTIO;
				TargetAttributes = {
					045146671D5E2A78007B1D7A = {
						CreatedOnToolsVersion = 7.3.1;
					};
					04DEBCA21DBCDB8600C1DF52 = {
						CreatedOnToolsVersion = 8.0;
						ProvisioningStyle = Automatic;
					};
				};
			};
			buildConfigurationList = A1951DB11758990700AF73D9 /* Build configuration list for PBXProject "JWT" */;
			compatibilityVersion = "Xcode 3.2";
			developmentRegion = English;
			hasScannedForEncodings = 0;
			knownRegions = (
				English,
				en,
			);
			mainGroup = A1951DAD1758990700AF73D9;
			productRefGroup = A1951DB71758990700AF73D9 /* Products */;
			projectDirPath = "";
			projectRoot = "";
			targets = (
				04DEBCA21DBCDB8600C1DF52 /* JWT */,
				045146671D5E2A78007B1D7A /* JWT-iOS-Static */,
			);
		};
/* End PBXProject section */

/* Begin PBXResourcesBuildPhase section */
		04DEBCA11DBCDB8600C1DF52 /* Resources */ = {
			isa = PBXResourcesBuildPhase;
			buildActionMask = 2147483647;
			files = (
			);
			runOnlyForDeploymentPostprocessing = 0;
		};
/* End PBXResourcesBuildPhase section */

/* Begin PBXSourcesBuildPhase section */
		045146641D5E2A78007B1D7A /* Sources */ = {
			isa = PBXSourcesBuildPhase;
			buildActionMask = 2147483647;
			files = (
			);
			runOnlyForDeploymentPostprocessing = 0;
		};
		04DEBC9E1DBCDB8600C1DF52 /* Sources */ = {
			isa = PBXSourcesBuildPhase;
			buildActionMask = 2147483647;
			files = (
				A2AC0D31286065B00042F82A /* JWTCryptoSecurity.m in Sources */,
				A2AC0D47286065B00042F82A /* JWTCodingBuilder+FluentStyle.m in Sources */,
				A2AC0D45286065B00042F82A /* JWTErrorDescription.m in Sources */,
				A2AC0D39286065B00042F82A /* JWTAlgorithmNone.m in Sources */,
				A2AC0D44286065B00042F82A /* JWTBase64Coder.m in Sources */,
				A2AC0CC1286065780042F82A /* MF_Base64Additions.m in Sources */,
				A2AC0D2E286065B00042F82A /* JWTCryptoSecurity+Extraction.m in Sources */,
				A2AC0D50286065B00042F82A /* JWTCoding+VersionThree.m in Sources */,
				A2AC0D2F286065B00042F82A /* JWTCryptoSecurity+ErrorHandling.m in Sources */,
				A2AC0D51286065B00042F82A /* JWTCoding.m in Sources */,
				A2AC0D1F286065B00042F82A /* JWTAlgorithmDataHolderChain.m in Sources */,
				A2AC0D38286065B00042F82A /* JWTAlgorithmAsymmetricBase.m in Sources */,
				A2AC0D16286065B00042F82A /* JWTClaim.m in Sources */,
				A2AC0D2A286065B00042F82A /* JWTCryptoSecurity+ExternalRepresentation.m in Sources */,
				A2AC0D15286065B00042F82A /* JWTClaimsSet.m in Sources */,
				A2AC0D52286065B00042F82A /* JWTCoding+ResultTypes.m in Sources */,
				A2AC0D4E286065B00042F82A /* JWTCoding+VersionTwo.m in Sources */,
				A2AC0D40286065B00042F82A /* JWTAlgorithmErrorDescription+Subclass.m in Sources */,
				A2AC0D35286065B00042F82A /* JWTAlgorithmESBase.m in Sources */,
				A2AC0D23286065B00042F82A /* JWTAlgorithmHSBase.m in Sources */,
				A2AC0D1D286065B00042F82A /* JWTAlgorithmDataHolder+FluentStyle.m in Sources */,
				A2AC0D1A286065B00042F82A /* JWTClaimsSetSerializer.m in Sources */,
				A2AC0D2B286065B00042F82A /* JWTCryptoKey.m in Sources */,
				A2AC0D3F286065B00042F82A /* JWTAlgorithmErrorDescription.m in Sources */,
				A2AC0D4A286065B00042F82A /* JWTCoding+VersionOne.m in Sources */,
				A2AC0D54286065B00042F82A /* JWTBuilder+FluentStyle.m in Sources */,
				A2AC0D3C286065B00042F82A /* JWTAlgorithmFactory.m in Sources */,
				A2AC0D30286065B00042F82A /* JWTCryptoKeyExtractor+FluentStyle.m in Sources */,
				A2AC0D2D286065B00042F82A /* JWTCryptoKeyExtractor.m in Sources */,
				A2AC0D17286065B00042F82A /* JWTClaimsSetVerifier.m in Sources */,
				A2AC0D21286065B00042F82A /* JWTAlgorithmDataHolder.m in Sources */,
				A2AC0D26286065B00042F82A /* JWTAlgorithmRSBase.m in Sources */,
			);
			runOnlyForDeploymentPostprocessing = 0;
		};
/* End PBXSourcesBuildPhase section */

/* Begin XCBuildConfiguration section */
		0451466F1D5E2A78007B1D7A /* Debug */ = {
			isa = XCBuildConfiguration;
			buildSettings = {
				CLANG_ANALYZER_NONNULL = YES;
				CLANG_ENABLE_MODULES = YES;
				CLANG_WARN_BOOL_CONVERSION = YES;
				CLANG_WARN_DIRECT_OBJC_ISA_USAGE = YES_ERROR;
				CLANG_WARN_OBJC_ROOT_CLASS = YES_ERROR;
				CLANG_WARN_UNREACHABLE_CODE = YES;
				"CODE_SIGN_IDENTITY[sdk=iphoneos*]" = "iPhone Developer";
				DEBUG_INFORMATION_FORMAT = dwarf;
				ENABLE_STRICT_OBJC_MSGSEND = YES;
				GCC_NO_COMMON_BLOCKS = YES;
				GCC_WARN_64_TO_32_BIT_CONVERSION = YES;
				GCC_WARN_ABOUT_RETURN_TYPE = YES_ERROR;
				GCC_WARN_UNDECLARED_SELECTOR = YES;
				GCC_WARN_UNINITIALIZED_AUTOS = YES_AGGRESSIVE;
				GCC_WARN_UNUSED_FUNCTION = YES;
				MODULEMAP_FILE = Supplement/JWT.modulemap;
				MTL_ENABLE_DEBUG_INFO = YES;
				PRODUCT_NAME = JWT;
				SKIP_INSTALL = YES;
			};
			name = Debug;
		};
		045146701D5E2A78007B1D7A /* Release */ = {
			isa = XCBuildConfiguration;
			buildSettings = {
				CLANG_ANALYZER_NONNULL = YES;
				CLANG_ENABLE_MODULES = YES;
				CLANG_WARN_BOOL_CONVERSION = YES;
				CLANG_WARN_DIRECT_OBJC_ISA_USAGE = YES_ERROR;
				CLANG_WARN_OBJC_ROOT_CLASS = YES_ERROR;
				CLANG_WARN_UNREACHABLE_CODE = YES;
				"CODE_SIGN_IDENTITY[sdk=iphoneos*]" = "iPhone Developer";
				COPY_PHASE_STRIP = NO;
				DEBUG_INFORMATION_FORMAT = "dwarf-with-dsym";
				ENABLE_NS_ASSERTIONS = NO;
				ENABLE_STRICT_OBJC_MSGSEND = YES;
				GCC_NO_COMMON_BLOCKS = YES;
				GCC_WARN_64_TO_32_BIT_CONVERSION = YES;
				GCC_WARN_ABOUT_RETURN_TYPE = YES_ERROR;
				GCC_WARN_UNDECLARED_SELECTOR = YES;
				GCC_WARN_UNINITIALIZED_AUTOS = YES_AGGRESSIVE;
				GCC_WARN_UNUSED_FUNCTION = YES;
				MODULEMAP_FILE = Supplement/JWT.modulemap;
				MTL_ENABLE_DEBUG_INFO = NO;
				PRODUCT_NAME = JWT;
				SKIP_INSTALL = YES;
			};
			name = Release;
		};
		04DEBCA81DBCDB8700C1DF52 /* Debug */ = {
			isa = XCBuildConfiguration;
			buildSettings = {
				APPLICATION_EXTENSION_API_ONLY = NO;
				ARCHS = "$(ARCHS_STANDARD)";
				CLANG_ANALYZER_NONNULL = YES;
				CLANG_ENABLE_MODULES = YES;
				CLANG_WARN_DIRECT_OBJC_ISA_USAGE = YES_ERROR;
				CLANG_WARN_DOCUMENTATION_COMMENTS = YES;
				CLANG_WARN_OBJC_ROOT_CLASS = YES_ERROR;
				CLANG_WARN_SUSPICIOUS_MOVES = YES;
				CODE_SIGN_IDENTITY = "Apple Development";
				"CODE_SIGN_IDENTITY[sdk=macosx*]" = "Apple Development";
				CODE_SIGN_STYLE = Automatic;
				COMBINE_HIDPI_IMAGES = YES;
				CURRENT_PROJECT_VERSION = 1;
				DEBUG_INFORMATION_FORMAT = dwarf;
				DEFINES_MODULE = YES;
				DEVELOPMENT_TEAM = "";
				DYLIB_COMPATIBILITY_VERSION = 1;
				DYLIB_CURRENT_VERSION = 1;
				DYLIB_INSTALL_NAME_BASE = "@rpath";
				EXCLUDED_ARCHS = "";
				FRAMEWORK_VERSION = A;
				GCC_TREAT_WARNINGS_AS_ERRORS = NO;
				GCC_WARN_ABOUT_RETURN_TYPE = YES_ERROR;
				GCC_WARN_UNINITIALIZED_AUTOS = YES_AGGRESSIVE;
				INFOPLIST_FILE = ../Supplement/Info.plist;
				INSTALL_PATH = "$(LOCAL_LIBRARY_DIR)/Frameworks";
				IPHONEOS_DEPLOYMENT_TARGET = 9.0;
				LD_RUNPATH_SEARCH_PATHS = "$(inherited) @executable_path/../Frameworks @loader_path/Frameworks";
				MACOSX_DEPLOYMENT_TARGET = 9.0;
				MTL_ENABLE_DEBUG_INFO = YES;
				PRODUCT_BUNDLE_IDENTIFIER = io.jwt.jwt;
				PRODUCT_NAME = "$(TARGET_NAME)";
				PROVISIONING_PROFILE_SPECIFIER = "";
				"PROVISIONING_PROFILE_SPECIFIER[sdk=macosx*]" = "";
				SDKROOT = iphoneos;
				SKIP_INSTALL = YES;
				SUPPORTED_PLATFORMS = "iphonesimulator iphoneos";
				SUPPORTS_MACCATALYST = YES;
				TARGETED_DEVICE_FAMILY = "1,2";
				VERSIONING_SYSTEM = "apple-generic";
				VERSION_INFO_PREFIX = "";
			};
			name = Debug;
		};
		04DEBCA91DBCDB8700C1DF52 /* Release */ = {
			isa = XCBuildConfiguration;
			buildSettings = {
				APPLICATION_EXTENSION_API_ONLY = NO;
				ARCHS = "$(ARCHS_STANDARD)";
				CLANG_ANALYZER_NONNULL = YES;
				CLANG_ENABLE_MODULES = YES;
				CLANG_WARN_DIRECT_OBJC_ISA_USAGE = YES_ERROR;
				CLANG_WARN_DOCUMENTATION_COMMENTS = YES;
				CLANG_WARN_OBJC_ROOT_CLASS = YES_ERROR;
				CLANG_WARN_SUSPICIOUS_MOVES = YES;
				CODE_SIGN_IDENTITY = "Apple Development";
				"CODE_SIGN_IDENTITY[sdk=macosx*]" = "Apple Development";
				CODE_SIGN_STYLE = Automatic;
				COMBINE_HIDPI_IMAGES = YES;
				COPY_PHASE_STRIP = NO;
				CURRENT_PROJECT_VERSION = 1;
				DEBUG_INFORMATION_FORMAT = "dwarf-with-dsym";
				DEFINES_MODULE = YES;
				DEVELOPMENT_TEAM = "";
				DYLIB_COMPATIBILITY_VERSION = 1;
				DYLIB_CURRENT_VERSION = 1;
				DYLIB_INSTALL_NAME_BASE = "@rpath";
				ENABLE_NS_ASSERTIONS = NO;
				EXCLUDED_ARCHS = "";
				FRAMEWORK_VERSION = A;
				GCC_TREAT_WARNINGS_AS_ERRORS = NO;
				GCC_WARN_ABOUT_RETURN_TYPE = YES_ERROR;
				GCC_WARN_UNINITIALIZED_AUTOS = YES_AGGRESSIVE;
				INFOPLIST_FILE = ../Supplement/Info.plist;
				INSTALL_PATH = "$(LOCAL_LIBRARY_DIR)/Frameworks";
				IPHONEOS_DEPLOYMENT_TARGET = 9.0;
				LD_RUNPATH_SEARCH_PATHS = "$(inherited) @executable_path/../Frameworks @loader_path/Frameworks";
				MACOSX_DEPLOYMENT_TARGET = 9.0;
				MTL_ENABLE_DEBUG_INFO = NO;
				PRODUCT_BUNDLE_IDENTIFIER = io.jwt.jwt;
				PRODUCT_NAME = "$(TARGET_NAME)";
				PROVISIONING_PROFILE_SPECIFIER = "";
				"PROVISIONING_PROFILE_SPECIFIER[sdk=macosx*]" = "";
				SDKROOT = iphoneos;
				SKIP_INSTALL = YES;
				SUPPORTED_PLATFORMS = "iphonesimulator iphoneos";
				SUPPORTS_MACCATALYST = YES;
				TARGETED_DEVICE_FAMILY = "1,2";
				VERSIONING_SYSTEM = "apple-generic";
				VERSION_INFO_PREFIX = "";
			};
			name = Release;
		};
		A1951DD91758990800AF73D9 /* Debug */ = {
			isa = XCBuildConfiguration;
			buildSettings = {
				ALWAYS_SEARCH_USER_PATHS = NO;
				CLANG_ANALYZER_LOCALIZABILITY_NONLOCALIZED = YES;
				CLANG_CXX_LANGUAGE_STANDARD = "gnu++0x";
				CLANG_CXX_LIBRARY = "libc++";
				CLANG_ENABLE_OBJC_ARC = YES;
				CLANG_WARN_BLOCK_CAPTURE_AUTORELEASING = YES;
				CLANG_WARN_BOOL_CONVERSION = YES;
				CLANG_WARN_COMMA = YES;
				CLANG_WARN_CONSTANT_CONVERSION = YES;
				CLANG_WARN_DEPRECATED_OBJC_IMPLEMENTATIONS = YES;
				CLANG_WARN_EMPTY_BODY = YES;
				CLANG_WARN_ENUM_CONVERSION = YES;
				CLANG_WARN_INFINITE_RECURSION = YES;
				CLANG_WARN_INT_CONVERSION = YES;
				CLANG_WARN_NON_LITERAL_NULL_CONVERSION = YES;
				CLANG_WARN_OBJC_IMPLICIT_RETAIN_SELF = YES;
				CLANG_WARN_OBJC_LITERAL_CONVERSION = YES;
				CLANG_WARN_RANGE_LOOP_ANALYSIS = YES;
				CLANG_WARN_STRICT_PROTOTYPES = YES;
				CLANG_WARN_SUSPICIOUS_MOVE = YES;
				CLANG_WARN_UNREACHABLE_CODE = YES;
				CLANG_WARN__DUPLICATE_METHOD_MATCH = YES;
				COPY_PHASE_STRIP = NO;
				ENABLE_STRICT_OBJC_MSGSEND = YES;
				ENABLE_TESTABILITY = YES;
				GCC_C_LANGUAGE_STANDARD = gnu99;
				GCC_DYNAMIC_NO_PIC = NO;
				GCC_NO_COMMON_BLOCKS = YES;
				GCC_OPTIMIZATION_LEVEL = 0;
				GCC_PREPROCESSOR_DEFINITIONS = (
					"DEBUG=1",
					"$(inherited)",
				);
				GCC_SYMBOLS_PRIVATE_EXTERN = NO;
				GCC_WARN_64_TO_32_BIT_CONVERSION = YES;
				GCC_WARN_ABOUT_RETURN_TYPE = YES;
				GCC_WARN_UNDECLARED_SELECTOR = YES;
				GCC_WARN_UNINITIALIZED_AUTOS = YES;
				GCC_WARN_UNUSED_FUNCTION = YES;
				GCC_WARN_UNUSED_VARIABLE = YES;
				IPHONEOS_DEPLOYMENT_TARGET = 8.0;
				MACOSX_DEPLOYMENT_TARGET = 10.8;
				ONLY_ACTIVE_ARCH = YES;
				SUPPORTED_PLATFORMS = "iphonesimulator iphoneos macosx";
				TVOS_DEPLOYMENT_TARGET = 9.0;
			};
			name = Debug;
		};
		A1951DDA1758990800AF73D9 /* Release */ = {
			isa = XCBuildConfiguration;
			buildSettings = {
				ALWAYS_SEARCH_USER_PATHS = NO;
				CLANG_ANALYZER_LOCALIZABILITY_NONLOCALIZED = YES;
				CLANG_CXX_LANGUAGE_STANDARD = "gnu++0x";
				CLANG_CXX_LIBRARY = "libc++";
				CLANG_ENABLE_OBJC_ARC = YES;
				CLANG_WARN_BLOCK_CAPTURE_AUTORELEASING = YES;
				CLANG_WARN_BOOL_CONVERSION = YES;
				CLANG_WARN_COMMA = YES;
				CLANG_WARN_CONSTANT_CONVERSION = YES;
				CLANG_WARN_DEPRECATED_OBJC_IMPLEMENTATIONS = YES;
				CLANG_WARN_EMPTY_BODY = YES;
				CLANG_WARN_ENUM_CONVERSION = YES;
				CLANG_WARN_INFINITE_RECURSION = YES;
				CLANG_WARN_INT_CONVERSION = YES;
				CLANG_WARN_NON_LITERAL_NULL_CONVERSION = YES;
				CLANG_WARN_OBJC_IMPLICIT_RETAIN_SELF = YES;
				CLANG_WARN_OBJC_LITERAL_CONVERSION = YES;
				CLANG_WARN_RANGE_LOOP_ANALYSIS = YES;
				CLANG_WARN_STRICT_PROTOTYPES = YES;
				CLANG_WARN_SUSPICIOUS_MOVE = YES;
				CLANG_WARN_UNREACHABLE_CODE = YES;
				CLANG_WARN__DUPLICATE_METHOD_MATCH = YES;
				COPY_PHASE_STRIP = YES;
				ENABLE_STRICT_OBJC_MSGSEND = YES;
				GCC_C_LANGUAGE_STANDARD = gnu99;
				GCC_NO_COMMON_BLOCKS = YES;
				GCC_WARN_64_TO_32_BIT_CONVERSION = YES;
				GCC_WARN_ABOUT_RETURN_TYPE = YES;
				GCC_WARN_UNDECLARED_SELECTOR = YES;
				GCC_WARN_UNINITIALIZED_AUTOS = YES;
				GCC_WARN_UNUSED_FUNCTION = YES;
				GCC_WARN_UNUSED_VARIABLE = YES;
				IPHONEOS_DEPLOYMENT_TARGET = 8.0;
				MACOSX_DEPLOYMENT_TARGET = 10.8;
				SUPPORTED_PLATFORMS = "iphonesimulator iphoneos macosx";
				TVOS_DEPLOYMENT_TARGET = 9.0;
				VALIDATE_PRODUCT = YES;
			};
			name = Release;
		};
/* End XCBuildConfiguration section */

/* Begin XCConfigurationList section */
		0451466E1D5E2A78007B1D7A /* Build configuration list for PBXNativeTarget "JWT-iOS-Static" */ = {
			isa = XCConfigurationList;
			buildConfigurations = (
				0451466F1D5E2A78007B1D7A /* Debug */,
				045146701D5E2A78007B1D7A /* Release */,
			);
			defaultConfigurationIsVisible = 0;
			defaultConfigurationName = Release;
		};
		04DEBCAA1DBCDB8700C1DF52 /* Build configuration list for PBXNativeTarget "JWT" */ = {
			isa = XCConfigurationList;
			buildConfigurations = (
				04DEBCA81DBCDB8700C1DF52 /* Debug */,
				04DEBCA91DBCDB8700C1DF52 /* Release */,
			);
			defaultConfigurationIsVisible = 0;
			defaultConfigurationName = Release;
		};
		A1951DB11758990700AF73D9 /* Build configuration list for PBXProject "JWT" */ = {
			isa = XCConfigurationList;
			buildConfigurations = (
				A1951DD91758990800AF73D9 /* Debug */,
				A1951DDA1758990800AF73D9 /* Release */,
			);
			defaultConfigurationIsVisible = 0;
			defaultConfigurationName = Release;
		};
/* End XCConfigurationList section */
	};
	rootObject = A1951DAE1758990700AF73D9 /* Project object */;
}
